// !$*UTF8*$!
{
	archiveVersion = 1;
	classes = {
	};
	objectVersion = 56;
	objects = {

/* Begin PBXBuildFile section */
		AB07B62B2A696B8A0096BE25 /* FBAuthError.swift in Sources */ = {isa = PBXBuildFile; fileRef = AB07B62A2A696B8A0096BE25 /* FBAuthError.swift */; };
		AB0D85072AA6712B00E4C9D6 /* BackButton.swift in Sources */ = {isa = PBXBuildFile; fileRef = AB0D85062AA6712B00E4C9D6 /* BackButton.swift */; };
		AB0E97202A858F55005F77A5 /* Goal.swift in Sources */ = {isa = PBXBuildFile; fileRef = AB0E971F2A858F55005F77A5 /* Goal.swift */; };
		AB0E97222A859619005F77A5 /* HomeAccomplishmentsStackViewRow.swift in Sources */ = {isa = PBXBuildFile; fileRef = AB0E97212A859619005F77A5 /* HomeAccomplishmentsStackViewRow.swift */; };
		AB12E2442AA9302B007DFAE4 /* Notification.Name+Helpers.swift in Sources */ = {isa = PBXBuildFile; fileRef = AB12E2432AA9302B007DFAE4 /* Notification.Name+Helpers.swift */; };
		AB12E2462AA93097007DFAE4 /* NotificationConstants.swift in Sources */ = {isa = PBXBuildFile; fileRef = AB12E2452AA93097007DFAE4 /* NotificationConstants.swift */; };
		AB16178A2A98F05E001CDC53 /* VideoPlayerMediaButtonType.swift in Sources */ = {isa = PBXBuildFile; fileRef = AB1617892A98F05E001CDC53 /* VideoPlayerMediaButtonType.swift */; };
		AB16178C2A98F7A2001CDC53 /* UploadVideoEntryViewModelUnitTests.swift in Sources */ = {isa = PBXBuildFile; fileRef = AB16178B2A98F7A2001CDC53 /* UploadVideoEntryViewModelUnitTests.swift */; };
		AB16178E2A98F8AE001CDC53 /* CreateVideoEntryViewModelUnitTests.swift in Sources */ = {isa = PBXBuildFile; fileRef = AB16178D2A98F8AE001CDC53 /* CreateVideoEntryViewModelUnitTests.swift */; };
		AB17ECA12A60A3DD00ADED40 /* HomeSquareButton.swift in Sources */ = {isa = PBXBuildFile; fileRef = AB17ECA02A60A3DD00ADED40 /* HomeSquareButton.swift */; };
		AB181C492A5B1B7500560299 /* AppDelegate.swift in Sources */ = {isa = PBXBuildFile; fileRef = AB181C482A5B1B7500560299 /* AppDelegate.swift */; };
		AB181C4B2A5B1B7500560299 /* SceneDelegate.swift in Sources */ = {isa = PBXBuildFile; fileRef = AB181C4A2A5B1B7500560299 /* SceneDelegate.swift */; };
		AB181C4D2A5B1B7500560299 /* HomeViewController.swift in Sources */ = {isa = PBXBuildFile; fileRef = AB181C4C2A5B1B7500560299 /* HomeViewController.swift */; };
		AB181C522A5B1B7800560299 /* Assets.xcassets in Resources */ = {isa = PBXBuildFile; fileRef = AB181C512A5B1B7800560299 /* Assets.xcassets */; };
		AB181C552A5B1B7800560299 /* LaunchScreen.storyboard in Resources */ = {isa = PBXBuildFile; fileRef = AB181C532A5B1B7800560299 /* LaunchScreen.storyboard */; };
		AB181C5D2A5B25DB00560299 /* GoogleService-Info.plist in Resources */ = {isa = PBXBuildFile; fileRef = AB181C5C2A5B25DB00560299 /* GoogleService-Info.plist */; };
		AB1AC7A92A70778700FE7A7E /* LogicError.swift in Sources */ = {isa = PBXBuildFile; fileRef = AB1AC7A82A70778600FE7A7E /* LogicError.swift */; };
		AB1AC7AB2A707D6A00FE7A7E /* SignUpViewModelUnitTests.swift in Sources */ = {isa = PBXBuildFile; fileRef = AB1AC7AA2A707D6A00FE7A7E /* SignUpViewModelUnitTests.swift */; };
		AB1AC7AE2A707FC100FE7A7E /* AuthServiceProtocol.swift in Sources */ = {isa = PBXBuildFile; fileRef = AB1AC7AD2A707FC100FE7A7E /* AuthServiceProtocol.swift */; };
		AB1AC7B02A70837900FE7A7E /* MockAuthService.swift in Sources */ = {isa = PBXBuildFile; fileRef = AB1AC7AF2A70837900FE7A7E /* MockAuthService.swift */; };
		AB1BB0CC2A94E0240051EB66 /* CreateVideoEntryViewController.swift in Sources */ = {isa = PBXBuildFile; fileRef = AB1BB0CB2A94E0240051EB66 /* CreateVideoEntryViewController.swift */; };
		AB1BB0CE2A94E02F0051EB66 /* CreateVideoEntryView.swift in Sources */ = {isa = PBXBuildFile; fileRef = AB1BB0CD2A94E02F0051EB66 /* CreateVideoEntryView.swift */; };
		AB1BB0D02A94E1530051EB66 /* CreateVideoEntryCoordinator.swift in Sources */ = {isa = PBXBuildFile; fileRef = AB1BB0CF2A94E1530051EB66 /* CreateVideoEntryCoordinator.swift */; };
		AB1BB0D22A94E1620051EB66 /* CreateVideoEntryViewState.swift in Sources */ = {isa = PBXBuildFile; fileRef = AB1BB0D12A94E1620051EB66 /* CreateVideoEntryViewState.swift */; };
		AB1BB0D42A94E19F0051EB66 /* CreateVideoEntryViewModel.swift in Sources */ = {isa = PBXBuildFile; fileRef = AB1BB0D32A94E19F0051EB66 /* CreateVideoEntryViewModel.swift */; };
		AB1BB0D62A94F21C0051EB66 /* VideoPreviewView.swift in Sources */ = {isa = PBXBuildFile; fileRef = AB1BB0D52A94F21C0051EB66 /* VideoPreviewView.swift */; };
		AB1D33BD2A5EE10E0068939C /* HomeYourLatestEntriesCollectionViewCell.swift in Sources */ = {isa = PBXBuildFile; fileRef = AB1D33BC2A5EE10E0068939C /* HomeYourLatestEntriesCollectionViewCell.swift */; };
		AB1D33C02A5EE14E0068939C /* TextEntry.swift in Sources */ = {isa = PBXBuildFile; fileRef = AB1D33BF2A5EE14E0068939C /* TextEntry.swift */; };
		AB1E02922A69E0C6006F42F8 /* LoginViewState.swift in Sources */ = {isa = PBXBuildFile; fileRef = AB1E02912A69E0C6006F42F8 /* LoginViewState.swift */; };
		AB1E02942A69E14B006F42F8 /* ViewState.swift in Sources */ = {isa = PBXBuildFile; fileRef = AB1E02932A69E14B006F42F8 /* ViewState.swift */; };
		AB1E02962A69E5AE006F42F8 /* HomeViewState.swift in Sources */ = {isa = PBXBuildFile; fileRef = AB1E02952A69E5AE006F42F8 /* HomeViewState.swift */; };
		AB1E170F2AB0B3AE008EA954 /* TestVideo.mov in Resources */ = {isa = PBXBuildFile; fileRef = AB1E170E2AB0B3AE008EA954 /* TestVideo.mov */; };
		AB28CD422A847CE100E0C08C /* HomeAccomplishmentsSection.swift in Sources */ = {isa = PBXBuildFile; fileRef = AB28CD412A847CE100E0C08C /* HomeAccomplishmentsSection.swift */; };
		AB2988AD2A5D8B3F00303262 /* OrangeYellowGradientBackground.swift in Sources */ = {isa = PBXBuildFile; fileRef = AB2988AC2A5D8B3F00303262 /* OrangeYellowGradientBackground.swift */; };
		AB2988AF2A5D8FE700303262 /* HomeHowAreYouFeelingCard.swift in Sources */ = {isa = PBXBuildFile; fileRef = AB2988AE2A5D8FE600303262 /* HomeHowAreYouFeelingCard.swift */; };
		AB2988B22A5D9D6900303262 /* UIFont+Helpers.swift in Sources */ = {isa = PBXBuildFile; fileRef = AB2988B12A5D9CC600303262 /* UIFont+Helpers.swift */; };
		AB413EAC2A96B76200916054 /* UploadVideoEntryViewController.swift in Sources */ = {isa = PBXBuildFile; fileRef = AB413EAB2A96B76200916054 /* UploadVideoEntryViewController.swift */; };
		AB413EAE2A96B76A00916054 /* UploadVideoEntryView.swift in Sources */ = {isa = PBXBuildFile; fileRef = AB413EAD2A96B76A00916054 /* UploadVideoEntryView.swift */; };
		AB413EB02A96B77300916054 /* UploadVideoEntryViewModel.swift in Sources */ = {isa = PBXBuildFile; fileRef = AB413EAF2A96B77300916054 /* UploadVideoEntryViewModel.swift */; };
		AB413EB22A96B7C000916054 /* UploadVideoEntryViewState.swift in Sources */ = {isa = PBXBuildFile; fileRef = AB413EB12A96B7C000916054 /* UploadVideoEntryViewState.swift */; };
		AB42A13D2A8D78DC0040430E /* HomeActivityOverviewSection.swift in Sources */ = {isa = PBXBuildFile; fileRef = AB42A13C2A8D78DC0040430E /* HomeActivityOverviewSection.swift */; };
		AB4D477F2A65F01600B8C368 /* HomeCoordinator.swift in Sources */ = {isa = PBXBuildFile; fileRef = AB4D477E2A65F01600B8C368 /* HomeCoordinator.swift */; };
		AB56A4632A979BB000DA2875 /* VideoPlayerView.swift in Sources */ = {isa = PBXBuildFile; fileRef = AB56A4622A979BB000DA2875 /* VideoPlayerView.swift */; };
		AB58B8F32AA7DC2800FAA4D7 /* VideoEntry.swift in Sources */ = {isa = PBXBuildFile; fileRef = AB58B8F22AA7DC2800FAA4D7 /* VideoEntry.swift */; };
		AB58B8F52AA7E28F00FAA4D7 /* FBStorageError.swift in Sources */ = {isa = PBXBuildFile; fileRef = AB58B8F42AA7E28F00FAA4D7 /* FBStorageError.swift */; };
		AB5BE2962A64662500803E16 /* FirebaseAnalytics in Frameworks */ = {isa = PBXBuildFile; productRef = AB5BE2952A64662500803E16 /* FirebaseAnalytics */; };
		AB5BE2982A64662500803E16 /* FirebaseAnalyticsSwift in Frameworks */ = {isa = PBXBuildFile; productRef = AB5BE2972A64662500803E16 /* FirebaseAnalyticsSwift */; };
		AB5BE29A2A64662500803E16 /* FirebaseAuth in Frameworks */ = {isa = PBXBuildFile; productRef = AB5BE2992A64662500803E16 /* FirebaseAuth */; };
		AB5BE29C2A64662500803E16 /* FirebaseFirestore in Frameworks */ = {isa = PBXBuildFile; productRef = AB5BE29B2A64662500803E16 /* FirebaseFirestore */; };
		AB5BE29E2A64662500803E16 /* FirebaseFirestoreSwift in Frameworks */ = {isa = PBXBuildFile; productRef = AB5BE29D2A64662500803E16 /* FirebaseFirestoreSwift */; };
		AB5BE2A02A64662500803E16 /* FirebaseStorage in Frameworks */ = {isa = PBXBuildFile; productRef = AB5BE29F2A64662500803E16 /* FirebaseStorage */; };
		AB5BE2A22A64762B00803E16 /* MainTextField.swift in Sources */ = {isa = PBXBuildFile; fileRef = AB5BE2A12A64762B00803E16 /* MainTextField.swift */; };
		AB5CB57F2A843C73005F6016 /* HomeSectionSecondaryBox.swift in Sources */ = {isa = PBXBuildFile; fileRef = AB5CB57E2A843C73005F6016 /* HomeSectionSecondaryBox.swift */; };
		AB5E7B0E2A8FA59E004A9051 /* SFSymbolButton.swift in Sources */ = {isa = PBXBuildFile; fileRef = AB5E7B0D2A8FA59E004A9051 /* SFSymbolButton.swift */; };
		AB7076842A8E4DCC00E7E4DB /* SFSymbolConstants.swift in Sources */ = {isa = PBXBuildFile; fileRef = AB7076832A8E4DCC00E7E4DB /* SFSymbolConstants.swift */; };
		AB7076862A8E606300E7E4DB /* CustomAlert.swift in Sources */ = {isa = PBXBuildFile; fileRef = AB7076852A8E606300E7E4DB /* CustomAlert.swift */; };
		AB70768A2A8E60BE00E7E4DB /* CustomAlertButton.swift in Sources */ = {isa = PBXBuildFile; fileRef = AB7076892A8E60BE00E7E4DB /* CustomAlertButton.swift */; };
		AB7239C42A5BA03E00A0392D /* SwiftPlus in Frameworks */ = {isa = PBXBuildFile; productRef = AB7239C32A5BA03E00A0392D /* SwiftPlus */; };
		AB7239C82A5BA08E00A0392D /* MainViewModel.swift in Sources */ = {isa = PBXBuildFile; fileRef = AB7239C62A5BA07B00A0392D /* MainViewModel.swift */; };
		AB7239C92A5BA08E00A0392D /* MainView.swift in Sources */ = {isa = PBXBuildFile; fileRef = AB7239C72A5BA07B00A0392D /* MainView.swift */; };
		AB7239CB2A5BA0A400A0392D /* HomeViewModel.swift in Sources */ = {isa = PBXBuildFile; fileRef = AB7239CA2A5BA0A400A0392D /* HomeViewModel.swift */; };
		AB72DCA22A6F5BE000B4D4AF /* MainTextFieldType.swift in Sources */ = {isa = PBXBuildFile; fileRef = AB72DCA12A6F5BE000B4D4AF /* MainTextFieldType.swift */; };
		AB72DCA42A6F687200B4D4AF /* UITextField+Helpers.swift in Sources */ = {isa = PBXBuildFile; fileRef = AB72DCA32A6F687200B4D4AF /* UITextField+Helpers.swift */; };
		AB76772F2A6C1BF00050149E /* Entry.swift in Sources */ = {isa = PBXBuildFile; fileRef = AB76772E2A6C1BF00050149E /* Entry.swift */; };
		AB7677312A6C1F0C0050149E /* DatabaseService.swift in Sources */ = {isa = PBXBuildFile; fileRef = AB7677302A6C1F0C0050149E /* DatabaseService.swift */; };
		AB7677332A6C20D50050149E /* EntryType.swift in Sources */ = {isa = PBXBuildFile; fileRef = AB7677322A6C20D50050149E /* EntryType.swift */; };
		AB7677362A6C64AB0050149E /* FBConstants.swift in Sources */ = {isa = PBXBuildFile; fileRef = AB7677352A6C64AB0050149E /* FBConstants.swift */; };
		AB7677702A6C6C9E0050149E /* DatabaseServiceProtocol.swift in Sources */ = {isa = PBXBuildFile; fileRef = AB76776F2A6C6C9E0050149E /* DatabaseServiceProtocol.swift */; };
		AB7CC9132A643C9C0054B1A4 /* UIConstants.swift in Sources */ = {isa = PBXBuildFile; fileRef = AB7CC9122A643C9C0054B1A4 /* UIConstants.swift */; };
		AB7CC9162A643D310054B1A4 /* PrimaryButton.swift in Sources */ = {isa = PBXBuildFile; fileRef = AB7CC9152A643D310054B1A4 /* PrimaryButton.swift */; };
		AB7CC9182A64463E0054B1A4 /* PasswordTextField.swift in Sources */ = {isa = PBXBuildFile; fileRef = AB7CC9172A64463E0054B1A4 /* PasswordTextField.swift */; };
		AB7CC91A2A645DC70054B1A4 /* HomeView.swift in Sources */ = {isa = PBXBuildFile; fileRef = AB7CC9192A645DC70054B1A4 /* HomeView.swift */; };
		AB7CC91C2A6460A50054B1A4 /* LoginView.swift in Sources */ = {isa = PBXBuildFile; fileRef = AB7CC91B2A6460A50054B1A4 /* LoginView.swift */; };
		AB8760BD2A740955009D3D39 /* EntriesViewModelUnitTests.swift in Sources */ = {isa = PBXBuildFile; fileRef = AB8760BC2A740955009D3D39 /* EntriesViewModelUnitTests.swift */; };
		AB8A49552A9BD7EE00791695 /* Int+Helpers.swift in Sources */ = {isa = PBXBuildFile; fileRef = AB8A49542A9BD7EE00791695 /* Int+Helpers.swift */; };
		AB8E77592A76AF0A00EAF49D /* EntriesViewDelegate.swift in Sources */ = {isa = PBXBuildFile; fileRef = AB8E77582A76AF0A00EAF49D /* EntriesViewDelegate.swift */; };
		AB8E775B2A76B4DE00EAF49D /* AddEditTextEntryCoordinator.swift in Sources */ = {isa = PBXBuildFile; fileRef = AB8E775A2A76B4DE00EAF49D /* AddEditTextEntryCoordinator.swift */; };
		AB8E77772A770E6900EAF49D /* User.swift in Sources */ = {isa = PBXBuildFile; fileRef = AB8E77762A770E6900EAF49D /* User.swift */; };
		AB8E9B7E2A89126300A99C3A /* GoalsViewController.swift in Sources */ = {isa = PBXBuildFile; fileRef = AB8E9B7D2A89126300A99C3A /* GoalsViewController.swift */; };
		AB8E9B802A89127F00A99C3A /* GoalsViewModel.swift in Sources */ = {isa = PBXBuildFile; fileRef = AB8E9B7F2A89127F00A99C3A /* GoalsViewModel.swift */; };
		AB8E9B822A89129A00A99C3A /* GoalsViewState.swift in Sources */ = {isa = PBXBuildFile; fileRef = AB8E9B812A89129A00A99C3A /* GoalsViewState.swift */; };
		AB8E9B842A8912B700A99C3A /* GoalsCoordinator.swift in Sources */ = {isa = PBXBuildFile; fileRef = AB8E9B832A8912B700A99C3A /* GoalsCoordinator.swift */; };
		AB8E9B862A89172400A99C3A /* GoalsView.swift in Sources */ = {isa = PBXBuildFile; fileRef = AB8E9B852A89172400A99C3A /* GoalsView.swift */; };
		AB8E9B882A89279E00A99C3A /* GoalsViewModelUnitTests.swift in Sources */ = {isa = PBXBuildFile; fileRef = AB8E9B872A89279E00A99C3A /* GoalsViewModelUnitTests.swift */; };
		AB8E9B8A2A8935F700A99C3A /* EntriesViewTableViewCell.swift in Sources */ = {isa = PBXBuildFile; fileRef = AB8E9B892A8935F700A99C3A /* EntriesViewTableViewCell.swift */; };
		AB8E9B8C2A89371D00A99C3A /* MainTableView.swift in Sources */ = {isa = PBXBuildFile; fileRef = AB8E9B8B2A89371D00A99C3A /* MainTableView.swift */; };
		AB8E9B8E2A894C9900A99C3A /* CustomMenu.swift in Sources */ = {isa = PBXBuildFile; fileRef = AB8E9B8D2A894C9900A99C3A /* CustomMenu.swift */; };
		AB8E9B912A894E5500A99C3A /* CustomMenuRow.swift in Sources */ = {isa = PBXBuildFile; fileRef = AB8E9B902A894E5500A99C3A /* CustomMenuRow.swift */; };
		AB8E9B932A8A580500A99C3A /* UIApplication+currentUIWindow.swift in Sources */ = {isa = PBXBuildFile; fileRef = AB8E9B922A8A580500A99C3A /* UIApplication+currentUIWindow.swift */; };
		AB90AA192A803CCA003F94D7 /* FontConstants.swift in Sources */ = {isa = PBXBuildFile; fileRef = AB90AA182A803CCA003F94D7 /* FontConstants.swift */; };
		AB90AA1D2A806FB3003F94D7 /* UIImage.Configuration+Helpers.swift in Sources */ = {isa = PBXBuildFile; fileRef = AB90AA1C2A806FB3003F94D7 /* UIImage.Configuration+Helpers.swift */; };
		AB90FF0E2A71FFB100D23017 /* FBFirestoreError.swift in Sources */ = {isa = PBXBuildFile; fileRef = AB90FF0D2A71FFB100D23017 /* FBFirestoreError.swift */; };
		AB948B802A6D7EE100430E61 /* AddEditTextEntryViewModelUnitTests.swift in Sources */ = {isa = PBXBuildFile; fileRef = AB948B5E2A6D7D9800430E61 /* AddEditTextEntryViewModelUnitTests.swift */; };
		AB948B812A6D7EE400430E61 /* MockDatabaseService.swift in Sources */ = {isa = PBXBuildFile; fileRef = AB948B5C2A6D7D9800430E61 /* MockDatabaseService.swift */; };
		AB948B822A6D7EE700430E61 /* TestError.swift in Sources */ = {isa = PBXBuildFile; fileRef = AB948B602A6D7D9800430E61 /* TestError.swift */; };
		AB948B832A6D7EEB00430E61 /* TestData.swift in Sources */ = {isa = PBXBuildFile; fileRef = AB948B5A2A6D7D9800430E61 /* TestData.swift */; };
		AB95E2F92A6EAA26001FDDD8 /* SignUpViewController.swift in Sources */ = {isa = PBXBuildFile; fileRef = AB95E2F82A6EAA26001FDDD8 /* SignUpViewController.swift */; };
		AB95E2FB2A6EAA93001FDDD8 /* SignUpViewModel.swift in Sources */ = {isa = PBXBuildFile; fileRef = AB95E2FA2A6EAA93001FDDD8 /* SignUpViewModel.swift */; };
		AB95E2FD2A6EAB21001FDDD8 /* SignUpView.swift in Sources */ = {isa = PBXBuildFile; fileRef = AB95E2FC2A6EAB21001FDDD8 /* SignUpView.swift */; };
		AB95E2FF2A6EAB3F001FDDD8 /* SignUpViewState.swift in Sources */ = {isa = PBXBuildFile; fileRef = AB95E2FE2A6EAB3F001FDDD8 /* SignUpViewState.swift */; };
		AB95E3012A6EB4D5001FDDD8 /* LoginViewDelegate.swift in Sources */ = {isa = PBXBuildFile; fileRef = AB95E3002A6EB4D5001FDDD8 /* LoginViewDelegate.swift */; };
		AB95E3052A6EC6B4001FDDD8 /* PasswordTextFieldStack.swift in Sources */ = {isa = PBXBuildFile; fileRef = AB95E3042A6EC6B4001FDDD8 /* PasswordTextFieldStack.swift */; };
		ABA4F9032A682ADC0008D18E /* MainViewController.swift in Sources */ = {isa = PBXBuildFile; fileRef = ABA4F9022A682ADC0008D18E /* MainViewController.swift */; };
		ABA69B5A2A9CDD7F0049B3BB /* VideoEntryError.swift in Sources */ = {isa = PBXBuildFile; fileRef = ABA69B592A9CDD7F0049B3BB /* VideoEntryError.swift */; };
		ABA946602A7333F7002A96D3 /* EntriesViewTableViewDataSource.swift in Sources */ = {isa = PBXBuildFile; fileRef = ABA9465F2A7333F7002A96D3 /* EntriesViewTableViewDataSource.swift */; };
		ABA946622A733AD4002A96D3 /* ReuseIDConstants.swift in Sources */ = {isa = PBXBuildFile; fileRef = ABA946612A733AD4002A96D3 /* ReuseIDConstants.swift */; };
		ABAA249A2AAFC49800C82367 /* PHPhotoLibraryProtocol.swift in Sources */ = {isa = PBXBuildFile; fileRef = ABAA24982AAFC49400C82367 /* PHPhotoLibraryProtocol.swift */; };
		ABAA249C2AAFC4C000C82367 /* MockPHPhotoLibrary.swift in Sources */ = {isa = PBXBuildFile; fileRef = ABAA249B2AAFC4C000C82367 /* MockPHPhotoLibrary.swift */; };
		ABAB18A22A8EBB4000E22FB3 /* CustomAlertType.swift in Sources */ = {isa = PBXBuildFile; fileRef = ABAB18A12A8EBB4000E22FB3 /* CustomAlertType.swift */; };
		ABACE7E92A603A1C00981098 /* HomeSquareCard.swift in Sources */ = {isa = PBXBuildFile; fileRef = ABACE7E82A603A1C00981098 /* HomeSquareCard.swift */; };
		ABB24E3B2A66C067001A76E0 /* AuthService.swift in Sources */ = {isa = PBXBuildFile; fileRef = ABB24E3A2A66C067001A76E0 /* AuthService.swift */; };
		ABB24E442A66D87C001A76E0 /* TabBarCoordinator.swift in Sources */ = {isa = PBXBuildFile; fileRef = ABB24E432A66D87C001A76E0 /* TabBarCoordinator.swift */; };
		ABB24E462A66D903001A76E0 /* MainTabBarController.swift in Sources */ = {isa = PBXBuildFile; fileRef = ABB24E452A66D903001A76E0 /* MainTabBarController.swift */; };
		ABB348342A6AC2AC0050A9AC /* EntriesViewController.swift in Sources */ = {isa = PBXBuildFile; fileRef = ABB348332A6AC2AC0050A9AC /* EntriesViewController.swift */; };
		ABB348362A6AC2C20050A9AC /* EntriesView.swift in Sources */ = {isa = PBXBuildFile; fileRef = ABB348352A6AC2C20050A9AC /* EntriesView.swift */; };
		ABB348382A6AC2C90050A9AC /* EntriesCoordinator.swift in Sources */ = {isa = PBXBuildFile; fileRef = ABB348372A6AC2C90050A9AC /* EntriesCoordinator.swift */; };
		ABB3483A2A6AC3130050A9AC /* EntriesViewModel.swift in Sources */ = {isa = PBXBuildFile; fileRef = ABB348392A6AC3130050A9AC /* EntriesViewModel.swift */; };
		ABB3483C2A6AC3350050A9AC /* EntriesViewState.swift in Sources */ = {isa = PBXBuildFile; fileRef = ABB3483B2A6AC3350050A9AC /* EntriesViewState.swift */; };
		ABB348402A6ACE5C0050A9AC /* AddEditTextEntryViewController.swift in Sources */ = {isa = PBXBuildFile; fileRef = ABB3483F2A6ACE5C0050A9AC /* AddEditTextEntryViewController.swift */; };
		ABB348422A6ACE660050A9AC /* AddEditTextEntryView.swift in Sources */ = {isa = PBXBuildFile; fileRef = ABB348412A6ACE660050A9AC /* AddEditTextEntryView.swift */; };
		ABB348442A6ACE700050A9AC /* AddEditTextEntryViewModel.swift in Sources */ = {isa = PBXBuildFile; fileRef = ABB348432A6ACE700050A9AC /* AddEditTextEntryViewModel.swift */; };
		ABB348462A6ACE8E0050A9AC /* AddEditTextEntryViewState.swift in Sources */ = {isa = PBXBuildFile; fileRef = ABB348452A6ACE8E0050A9AC /* AddEditTextEntryViewState.swift */; };
		ABB348482A6AD2610050A9AC /* HomeViewDelegate.swift in Sources */ = {isa = PBXBuildFile; fileRef = ABB348472A6AD2610050A9AC /* HomeViewDelegate.swift */; };
		ABB4B9672A635EAD00E63018 /* LoginViewController.swift in Sources */ = {isa = PBXBuildFile; fileRef = ABB4B9662A635EAD00E63018 /* LoginViewController.swift */; };
		ABB4B9692A635EBA00E63018 /* LoginViewModel.swift in Sources */ = {isa = PBXBuildFile; fileRef = ABB4B9682A635EBA00E63018 /* LoginViewModel.swift */; };
		ABB73B992AAAB9B1001B4DC5 /* UIButton.Configuration+back.swift in Sources */ = {isa = PBXBuildFile; fileRef = ABB73B982AAAB9B1001B4DC5 /* UIButton.Configuration+back.swift */; };
		ABB832812A8C14A900E8C247 /* EntryTypeCollectionViewDataSourceAndDelegate.swift in Sources */ = {isa = PBXBuildFile; fileRef = ABB832802A8C14A900E8C247 /* EntryTypeCollectionViewDataSourceAndDelegate.swift */; };
		ABB832832A8C14F200E8C247 /* EntryTypeCollectionViewCell.swift in Sources */ = {isa = PBXBuildFile; fileRef = ABB832822A8C14F200E8C247 /* EntryTypeCollectionViewCell.swift */; };
		ABC9354E2A5E04AB0094F4E0 /* HomeYourLatestEntriesCard.swift in Sources */ = {isa = PBXBuildFile; fileRef = ABC9354D2A5E04AB0094F4E0 /* HomeYourLatestEntriesCard.swift */; };
		ABD01AF22A8276E50066B2FE /* UIFontMetrics+Helpers.swift in Sources */ = {isa = PBXBuildFile; fileRef = ABD01AF12A8276E50066B2FE /* UIFontMetrics+Helpers.swift */; };
		ABD427032A81A6D600783DE4 /* HomeActivityStreakSection.swift in Sources */ = {isa = PBXBuildFile; fileRef = ABD427022A81A6D600783DE4 /* HomeActivityStreakSection.swift */; };
		ABD819E82A85C9BC0078604A /* CustomDivider.swift in Sources */ = {isa = PBXBuildFile; fileRef = ABD819E72A85C9BC0078604A /* CustomDivider.swift */; };
		ABD819EA2A866C510078604A /* HomeSectionPrimaryBox.swift in Sources */ = {isa = PBXBuildFile; fileRef = ABD819E92A866C510078604A /* HomeSectionPrimaryBox.swift */; };
		ABD974022A77FFAB00BD9C8F /* StartupViewController.swift in Sources */ = {isa = PBXBuildFile; fileRef = ABD974012A77FFAB00BD9C8F /* StartupViewController.swift */; };
		ABDA15862A802E5400D94D7E /* MainNavigationController.swift in Sources */ = {isa = PBXBuildFile; fileRef = ABDA15852A802E5400D94D7E /* MainNavigationController.swift */; };
		ABDB553D2A72A82600DC8DF8 /* FormError.swift in Sources */ = {isa = PBXBuildFile; fileRef = ABDB553C2A72A82600DC8DF8 /* FormError.swift */; };
		ABE7A52E2A71554F00B0D21D /* Error+emojiMessage.swift in Sources */ = {isa = PBXBuildFile; fileRef = ABE7A52D2A71554F00B0D21D /* Error+emojiMessage.swift */; };
		ABEA45602A61808300F6E8EB /* HomeSquareButtonType.swift in Sources */ = {isa = PBXBuildFile; fileRef = ABEA455F2A61808300F6E8EB /* HomeSquareButtonType.swift */; };
		ABF2B0DA2A6FFC3A007A93DB /* ErrorMessageConstants.swift in Sources */ = {isa = PBXBuildFile; fileRef = ABF2B0D92A6FFC3A007A93DB /* ErrorMessageConstants.swift */; };
		ABF2B0DC2A700E6A007A93DB /* AlertPresenter.swift in Sources */ = {isa = PBXBuildFile; fileRef = ABF2B0DB2A700E69007A93DB /* AlertPresenter.swift */; };
		ABF8FD5F2A72ABE40065B8D9 /* HomeViewModelUnitTests.swift in Sources */ = {isa = PBXBuildFile; fileRef = ABF8FD5E2A72ABE40065B8D9 /* HomeViewModelUnitTests.swift */; };
		ABF8FD612A72B5230065B8D9 /* LoginViewModelUnitTests.swift in Sources */ = {isa = PBXBuildFile; fileRef = ABF8FD602A72B5230065B8D9 /* LoginViewModelUnitTests.swift */; };
		ABFA28DB2A964A63004700C8 /* CreateVideoEntryViewDelegate.swift in Sources */ = {isa = PBXBuildFile; fileRef = ABFA28DA2A964A63004700C8 /* CreateVideoEntryViewDelegate.swift */; };
		ABFEF2792A658546004C40A8 /* Coordinator.swift in Sources */ = {isa = PBXBuildFile; fileRef = ABFEF2782A658546004C40A8 /* Coordinator.swift */; };
		ABFEF27D2A658612004C40A8 /* OnboardingCoordinator.swift in Sources */ = {isa = PBXBuildFile; fileRef = ABFEF27C2A658612004C40A8 /* OnboardingCoordinator.swift */; };
		ABFEF27F2A658DA4004C40A8 /* MainCoordinator.swift in Sources */ = {isa = PBXBuildFile; fileRef = ABFEF27E2A658DA4004C40A8 /* MainCoordinator.swift */; };
/* End PBXBuildFile section */

/* Begin PBXContainerItemProxy section */
		AB948B6D2A6D7EAC00430E61 /* PBXContainerItemProxy */ = {
			isa = PBXContainerItemProxy;
			containerPortal = AB181C3D2A5B1B7500560299 /* Project object */;
			proxyType = 1;
			remoteGlobalIDString = AB181C442A5B1B7500560299;
			remoteInfo = JournalBuddy;
		};
/* End PBXContainerItemProxy section */

/* Begin PBXFileReference section */
		AB07B62A2A696B8A0096BE25 /* FBAuthError.swift */ = {isa = PBXFileReference; lastKnownFileType = sourcecode.swift; path = FBAuthError.swift; sourceTree = "<group>"; };
		AB0D85062AA6712B00E4C9D6 /* BackButton.swift */ = {isa = PBXFileReference; lastKnownFileType = sourcecode.swift; path = BackButton.swift; sourceTree = "<group>"; };
		AB0E3D002A721C8D004DD606 /* AllTests.xctestplan */ = {isa = PBXFileReference; lastKnownFileType = text; path = AllTests.xctestplan; sourceTree = "<group>"; };
		AB0E971F2A858F55005F77A5 /* Goal.swift */ = {isa = PBXFileReference; lastKnownFileType = sourcecode.swift; path = Goal.swift; sourceTree = "<group>"; };
		AB0E97212A859619005F77A5 /* HomeAccomplishmentsStackViewRow.swift */ = {isa = PBXFileReference; lastKnownFileType = sourcecode.swift; path = HomeAccomplishmentsStackViewRow.swift; sourceTree = "<group>"; };
		AB12E2432AA9302B007DFAE4 /* Notification.Name+Helpers.swift */ = {isa = PBXFileReference; lastKnownFileType = sourcecode.swift; path = "Notification.Name+Helpers.swift"; sourceTree = "<group>"; };
		AB12E2452AA93097007DFAE4 /* NotificationConstants.swift */ = {isa = PBXFileReference; lastKnownFileType = sourcecode.swift; path = NotificationConstants.swift; sourceTree = "<group>"; };
		AB1617892A98F05E001CDC53 /* VideoPlayerMediaButtonType.swift */ = {isa = PBXFileReference; lastKnownFileType = sourcecode.swift; path = VideoPlayerMediaButtonType.swift; sourceTree = "<group>"; };
		AB16178B2A98F7A2001CDC53 /* UploadVideoEntryViewModelUnitTests.swift */ = {isa = PBXFileReference; lastKnownFileType = sourcecode.swift; path = UploadVideoEntryViewModelUnitTests.swift; sourceTree = "<group>"; };
		AB16178D2A98F8AE001CDC53 /* CreateVideoEntryViewModelUnitTests.swift */ = {isa = PBXFileReference; lastKnownFileType = sourcecode.swift; path = CreateVideoEntryViewModelUnitTests.swift; sourceTree = "<group>"; };
		AB17ECA02A60A3DD00ADED40 /* HomeSquareButton.swift */ = {isa = PBXFileReference; lastKnownFileType = sourcecode.swift; path = HomeSquareButton.swift; sourceTree = "<group>"; };
		AB181C452A5B1B7500560299 /* JournalBuddy.app */ = {isa = PBXFileReference; explicitFileType = wrapper.application; includeInIndex = 0; path = JournalBuddy.app; sourceTree = BUILT_PRODUCTS_DIR; };
		AB181C482A5B1B7500560299 /* AppDelegate.swift */ = {isa = PBXFileReference; lastKnownFileType = sourcecode.swift; path = AppDelegate.swift; sourceTree = "<group>"; };
		AB181C4A2A5B1B7500560299 /* SceneDelegate.swift */ = {isa = PBXFileReference; lastKnownFileType = sourcecode.swift; path = SceneDelegate.swift; sourceTree = "<group>"; };
		AB181C4C2A5B1B7500560299 /* HomeViewController.swift */ = {isa = PBXFileReference; lastKnownFileType = sourcecode.swift; path = HomeViewController.swift; sourceTree = "<group>"; };
		AB181C512A5B1B7800560299 /* Assets.xcassets */ = {isa = PBXFileReference; lastKnownFileType = folder.assetcatalog; path = Assets.xcassets; sourceTree = "<group>"; };
		AB181C542A5B1B7800560299 /* Base */ = {isa = PBXFileReference; lastKnownFileType = file.storyboard; name = Base; path = Base.lproj/LaunchScreen.storyboard; sourceTree = "<group>"; };
		AB181C562A5B1B7800560299 /* Info.plist */ = {isa = PBXFileReference; lastKnownFileType = text.plist.xml; path = Info.plist; sourceTree = "<group>"; };
		AB181C5C2A5B25DB00560299 /* GoogleService-Info.plist */ = {isa = PBXFileReference; fileEncoding = 4; lastKnownFileType = text.plist.xml; path = "GoogleService-Info.plist"; sourceTree = "<group>"; };
		AB1AC7A82A70778600FE7A7E /* LogicError.swift */ = {isa = PBXFileReference; lastKnownFileType = sourcecode.swift; path = LogicError.swift; sourceTree = "<group>"; };
		AB1AC7AA2A707D6A00FE7A7E /* SignUpViewModelUnitTests.swift */ = {isa = PBXFileReference; lastKnownFileType = sourcecode.swift; path = SignUpViewModelUnitTests.swift; sourceTree = "<group>"; };
		AB1AC7AD2A707FC100FE7A7E /* AuthServiceProtocol.swift */ = {isa = PBXFileReference; lastKnownFileType = sourcecode.swift; path = AuthServiceProtocol.swift; sourceTree = "<group>"; };
		AB1AC7AF2A70837900FE7A7E /* MockAuthService.swift */ = {isa = PBXFileReference; lastKnownFileType = sourcecode.swift; path = MockAuthService.swift; sourceTree = "<group>"; };
		AB1BB0CB2A94E0240051EB66 /* CreateVideoEntryViewController.swift */ = {isa = PBXFileReference; lastKnownFileType = sourcecode.swift; path = CreateVideoEntryViewController.swift; sourceTree = "<group>"; };
		AB1BB0CD2A94E02F0051EB66 /* CreateVideoEntryView.swift */ = {isa = PBXFileReference; lastKnownFileType = sourcecode.swift; path = CreateVideoEntryView.swift; sourceTree = "<group>"; };
		AB1BB0CF2A94E1530051EB66 /* CreateVideoEntryCoordinator.swift */ = {isa = PBXFileReference; lastKnownFileType = sourcecode.swift; path = CreateVideoEntryCoordinator.swift; sourceTree = "<group>"; };
		AB1BB0D12A94E1620051EB66 /* CreateVideoEntryViewState.swift */ = {isa = PBXFileReference; lastKnownFileType = sourcecode.swift; path = CreateVideoEntryViewState.swift; sourceTree = "<group>"; };
		AB1BB0D32A94E19F0051EB66 /* CreateVideoEntryViewModel.swift */ = {isa = PBXFileReference; lastKnownFileType = sourcecode.swift; path = CreateVideoEntryViewModel.swift; sourceTree = "<group>"; };
		AB1BB0D52A94F21C0051EB66 /* VideoPreviewView.swift */ = {isa = PBXFileReference; lastKnownFileType = sourcecode.swift; path = VideoPreviewView.swift; sourceTree = "<group>"; };
		AB1D33BC2A5EE10E0068939C /* HomeYourLatestEntriesCollectionViewCell.swift */ = {isa = PBXFileReference; lastKnownFileType = sourcecode.swift; path = HomeYourLatestEntriesCollectionViewCell.swift; sourceTree = "<group>"; };
		AB1D33BF2A5EE14E0068939C /* TextEntry.swift */ = {isa = PBXFileReference; lastKnownFileType = sourcecode.swift; path = TextEntry.swift; sourceTree = "<group>"; };
		AB1E02912A69E0C6006F42F8 /* LoginViewState.swift */ = {isa = PBXFileReference; lastKnownFileType = sourcecode.swift; path = LoginViewState.swift; sourceTree = "<group>"; };
		AB1E02932A69E14B006F42F8 /* ViewState.swift */ = {isa = PBXFileReference; lastKnownFileType = sourcecode.swift; path = ViewState.swift; sourceTree = "<group>"; };
		AB1E02952A69E5AE006F42F8 /* HomeViewState.swift */ = {isa = PBXFileReference; lastKnownFileType = sourcecode.swift; path = HomeViewState.swift; sourceTree = "<group>"; };
		AB1E170E2AB0B3AE008EA954 /* TestVideo.mov */ = {isa = PBXFileReference; lastKnownFileType = video.quicktime; path = TestVideo.mov; sourceTree = "<group>"; };
		AB28CD412A847CE100E0C08C /* HomeAccomplishmentsSection.swift */ = {isa = PBXFileReference; lastKnownFileType = sourcecode.swift; path = HomeAccomplishmentsSection.swift; sourceTree = "<group>"; };
		AB2988AC2A5D8B3F00303262 /* OrangeYellowGradientBackground.swift */ = {isa = PBXFileReference; lastKnownFileType = sourcecode.swift; path = OrangeYellowGradientBackground.swift; sourceTree = "<group>"; };
		AB2988AE2A5D8FE600303262 /* HomeHowAreYouFeelingCard.swift */ = {isa = PBXFileReference; lastKnownFileType = sourcecode.swift; path = HomeHowAreYouFeelingCard.swift; sourceTree = "<group>"; };
		AB2988B12A5D9CC600303262 /* UIFont+Helpers.swift */ = {isa = PBXFileReference; lastKnownFileType = sourcecode.swift; path = "UIFont+Helpers.swift"; sourceTree = "<group>"; };
		AB413EAB2A96B76200916054 /* UploadVideoEntryViewController.swift */ = {isa = PBXFileReference; lastKnownFileType = sourcecode.swift; path = UploadVideoEntryViewController.swift; sourceTree = "<group>"; };
		AB413EAD2A96B76A00916054 /* UploadVideoEntryView.swift */ = {isa = PBXFileReference; lastKnownFileType = sourcecode.swift; path = UploadVideoEntryView.swift; sourceTree = "<group>"; };
		AB413EAF2A96B77300916054 /* UploadVideoEntryViewModel.swift */ = {isa = PBXFileReference; lastKnownFileType = sourcecode.swift; path = UploadVideoEntryViewModel.swift; sourceTree = "<group>"; };
		AB413EB12A96B7C000916054 /* UploadVideoEntryViewState.swift */ = {isa = PBXFileReference; lastKnownFileType = sourcecode.swift; path = UploadVideoEntryViewState.swift; sourceTree = "<group>"; };
		AB42A13C2A8D78DC0040430E /* HomeActivityOverviewSection.swift */ = {isa = PBXFileReference; lastKnownFileType = sourcecode.swift; path = HomeActivityOverviewSection.swift; sourceTree = "<group>"; };
		AB4D477E2A65F01600B8C368 /* HomeCoordinator.swift */ = {isa = PBXFileReference; lastKnownFileType = sourcecode.swift; path = HomeCoordinator.swift; sourceTree = "<group>"; };
		AB56A4622A979BB000DA2875 /* VideoPlayerView.swift */ = {isa = PBXFileReference; lastKnownFileType = sourcecode.swift; path = VideoPlayerView.swift; sourceTree = "<group>"; };
		AB58B8F22AA7DC2800FAA4D7 /* VideoEntry.swift */ = {isa = PBXFileReference; lastKnownFileType = sourcecode.swift; path = VideoEntry.swift; sourceTree = "<group>"; };
		AB58B8F42AA7E28F00FAA4D7 /* FBStorageError.swift */ = {isa = PBXFileReference; lastKnownFileType = sourcecode.swift; path = FBStorageError.swift; sourceTree = "<group>"; };
		AB5BE2A12A64762B00803E16 /* MainTextField.swift */ = {isa = PBXFileReference; lastKnownFileType = sourcecode.swift; path = MainTextField.swift; sourceTree = "<group>"; };
		AB5CB57E2A843C73005F6016 /* HomeSectionSecondaryBox.swift */ = {isa = PBXFileReference; lastKnownFileType = sourcecode.swift; path = HomeSectionSecondaryBox.swift; sourceTree = "<group>"; };
		AB5E7B0D2A8FA59E004A9051 /* SFSymbolButton.swift */ = {isa = PBXFileReference; lastKnownFileType = sourcecode.swift; path = SFSymbolButton.swift; sourceTree = "<group>"; };
		AB7076832A8E4DCC00E7E4DB /* SFSymbolConstants.swift */ = {isa = PBXFileReference; lastKnownFileType = sourcecode.swift; path = SFSymbolConstants.swift; sourceTree = "<group>"; };
		AB7076852A8E606300E7E4DB /* CustomAlert.swift */ = {isa = PBXFileReference; lastKnownFileType = sourcecode.swift; path = CustomAlert.swift; sourceTree = "<group>"; };
		AB7076892A8E60BE00E7E4DB /* CustomAlertButton.swift */ = {isa = PBXFileReference; lastKnownFileType = sourcecode.swift; path = CustomAlertButton.swift; sourceTree = "<group>"; };
		AB7239C62A5BA07B00A0392D /* MainViewModel.swift */ = {isa = PBXFileReference; lastKnownFileType = sourcecode.swift; path = MainViewModel.swift; sourceTree = "<group>"; };
		AB7239C72A5BA07B00A0392D /* MainView.swift */ = {isa = PBXFileReference; lastKnownFileType = sourcecode.swift; path = MainView.swift; sourceTree = "<group>"; };
		AB7239CA2A5BA0A400A0392D /* HomeViewModel.swift */ = {isa = PBXFileReference; lastKnownFileType = sourcecode.swift; path = HomeViewModel.swift; sourceTree = "<group>"; };
		AB72DCA12A6F5BE000B4D4AF /* MainTextFieldType.swift */ = {isa = PBXFileReference; lastKnownFileType = sourcecode.swift; path = MainTextFieldType.swift; sourceTree = "<group>"; };
		AB72DCA32A6F687200B4D4AF /* UITextField+Helpers.swift */ = {isa = PBXFileReference; lastKnownFileType = sourcecode.swift; path = "UITextField+Helpers.swift"; sourceTree = "<group>"; };
		AB76772E2A6C1BF00050149E /* Entry.swift */ = {isa = PBXFileReference; lastKnownFileType = sourcecode.swift; path = Entry.swift; sourceTree = "<group>"; };
		AB7677302A6C1F0C0050149E /* DatabaseService.swift */ = {isa = PBXFileReference; lastKnownFileType = sourcecode.swift; path = DatabaseService.swift; sourceTree = "<group>"; };
		AB7677322A6C20D50050149E /* EntryType.swift */ = {isa = PBXFileReference; lastKnownFileType = sourcecode.swift; path = EntryType.swift; sourceTree = "<group>"; };
		AB7677352A6C64AB0050149E /* FBConstants.swift */ = {isa = PBXFileReference; lastKnownFileType = sourcecode.swift; path = FBConstants.swift; sourceTree = "<group>"; };
		AB76776F2A6C6C9E0050149E /* DatabaseServiceProtocol.swift */ = {isa = PBXFileReference; lastKnownFileType = sourcecode.swift; path = DatabaseServiceProtocol.swift; sourceTree = "<group>"; };
		AB7CC9122A643C9C0054B1A4 /* UIConstants.swift */ = {isa = PBXFileReference; lastKnownFileType = sourcecode.swift; path = UIConstants.swift; sourceTree = "<group>"; };
		AB7CC9152A643D310054B1A4 /* PrimaryButton.swift */ = {isa = PBXFileReference; lastKnownFileType = sourcecode.swift; path = PrimaryButton.swift; sourceTree = "<group>"; };
		AB7CC9172A64463E0054B1A4 /* PasswordTextField.swift */ = {isa = PBXFileReference; lastKnownFileType = sourcecode.swift; path = PasswordTextField.swift; sourceTree = "<group>"; };
		AB7CC9192A645DC70054B1A4 /* HomeView.swift */ = {isa = PBXFileReference; lastKnownFileType = sourcecode.swift; path = HomeView.swift; sourceTree = "<group>"; };
		AB7CC91B2A6460A50054B1A4 /* LoginView.swift */ = {isa = PBXFileReference; lastKnownFileType = sourcecode.swift; path = LoginView.swift; sourceTree = "<group>"; };
		AB8760BC2A740955009D3D39 /* EntriesViewModelUnitTests.swift */ = {isa = PBXFileReference; lastKnownFileType = sourcecode.swift; path = EntriesViewModelUnitTests.swift; sourceTree = "<group>"; };
		AB8A49542A9BD7EE00791695 /* Int+Helpers.swift */ = {isa = PBXFileReference; lastKnownFileType = sourcecode.swift; path = "Int+Helpers.swift"; sourceTree = "<group>"; };
		AB8E77582A76AF0A00EAF49D /* EntriesViewDelegate.swift */ = {isa = PBXFileReference; lastKnownFileType = sourcecode.swift; path = EntriesViewDelegate.swift; sourceTree = "<group>"; };
		AB8E775A2A76B4DE00EAF49D /* AddEditTextEntryCoordinator.swift */ = {isa = PBXFileReference; lastKnownFileType = sourcecode.swift; path = AddEditTextEntryCoordinator.swift; sourceTree = "<group>"; };
		AB8E77762A770E6900EAF49D /* User.swift */ = {isa = PBXFileReference; lastKnownFileType = sourcecode.swift; path = User.swift; sourceTree = "<group>"; };
		AB8E9B7D2A89126300A99C3A /* GoalsViewController.swift */ = {isa = PBXFileReference; lastKnownFileType = sourcecode.swift; path = GoalsViewController.swift; sourceTree = "<group>"; };
		AB8E9B7F2A89127F00A99C3A /* GoalsViewModel.swift */ = {isa = PBXFileReference; lastKnownFileType = sourcecode.swift; path = GoalsViewModel.swift; sourceTree = "<group>"; };
		AB8E9B812A89129A00A99C3A /* GoalsViewState.swift */ = {isa = PBXFileReference; lastKnownFileType = sourcecode.swift; path = GoalsViewState.swift; sourceTree = "<group>"; };
		AB8E9B832A8912B700A99C3A /* GoalsCoordinator.swift */ = {isa = PBXFileReference; lastKnownFileType = sourcecode.swift; path = GoalsCoordinator.swift; sourceTree = "<group>"; };
		AB8E9B852A89172400A99C3A /* GoalsView.swift */ = {isa = PBXFileReference; lastKnownFileType = sourcecode.swift; path = GoalsView.swift; sourceTree = "<group>"; };
		AB8E9B872A89279E00A99C3A /* GoalsViewModelUnitTests.swift */ = {isa = PBXFileReference; lastKnownFileType = sourcecode.swift; path = GoalsViewModelUnitTests.swift; sourceTree = "<group>"; };
		AB8E9B892A8935F700A99C3A /* EntriesViewTableViewCell.swift */ = {isa = PBXFileReference; lastKnownFileType = sourcecode.swift; path = EntriesViewTableViewCell.swift; sourceTree = "<group>"; };
		AB8E9B8B2A89371D00A99C3A /* MainTableView.swift */ = {isa = PBXFileReference; lastKnownFileType = sourcecode.swift; path = MainTableView.swift; sourceTree = "<group>"; };
		AB8E9B8D2A894C9900A99C3A /* CustomMenu.swift */ = {isa = PBXFileReference; lastKnownFileType = sourcecode.swift; path = CustomMenu.swift; sourceTree = "<group>"; };
		AB8E9B902A894E5500A99C3A /* CustomMenuRow.swift */ = {isa = PBXFileReference; lastKnownFileType = sourcecode.swift; path = CustomMenuRow.swift; sourceTree = "<group>"; };
		AB8E9B922A8A580500A99C3A /* UIApplication+currentUIWindow.swift */ = {isa = PBXFileReference; lastKnownFileType = sourcecode.swift; path = "UIApplication+currentUIWindow.swift"; sourceTree = "<group>"; };
		AB90AA182A803CCA003F94D7 /* FontConstants.swift */ = {isa = PBXFileReference; lastKnownFileType = sourcecode.swift; path = FontConstants.swift; sourceTree = "<group>"; };
		AB90AA1C2A806FB3003F94D7 /* UIImage.Configuration+Helpers.swift */ = {isa = PBXFileReference; lastKnownFileType = sourcecode.swift; path = "UIImage.Configuration+Helpers.swift"; sourceTree = "<group>"; };
		AB90FF0D2A71FFB100D23017 /* FBFirestoreError.swift */ = {isa = PBXFileReference; lastKnownFileType = sourcecode.swift; path = FBFirestoreError.swift; sourceTree = "<group>"; };
		AB948B5A2A6D7D9800430E61 /* TestData.swift */ = {isa = PBXFileReference; lastKnownFileType = sourcecode.swift; path = TestData.swift; sourceTree = "<group>"; };
		AB948B5C2A6D7D9800430E61 /* MockDatabaseService.swift */ = {isa = PBXFileReference; lastKnownFileType = sourcecode.swift; path = MockDatabaseService.swift; sourceTree = "<group>"; };
		AB948B5E2A6D7D9800430E61 /* AddEditTextEntryViewModelUnitTests.swift */ = {isa = PBXFileReference; lastKnownFileType = sourcecode.swift; path = AddEditTextEntryViewModelUnitTests.swift; sourceTree = "<group>"; };
		AB948B602A6D7D9800430E61 /* TestError.swift */ = {isa = PBXFileReference; lastKnownFileType = sourcecode.swift; path = TestError.swift; sourceTree = "<group>"; };
		AB948B692A6D7EAC00430E61 /* JournalBuddyUnitTests.xctest */ = {isa = PBXFileReference; explicitFileType = wrapper.cfbundle; includeInIndex = 0; path = JournalBuddyUnitTests.xctest; sourceTree = BUILT_PRODUCTS_DIR; };
		AB95E2F82A6EAA26001FDDD8 /* SignUpViewController.swift */ = {isa = PBXFileReference; lastKnownFileType = sourcecode.swift; path = SignUpViewController.swift; sourceTree = "<group>"; };
		AB95E2FA2A6EAA93001FDDD8 /* SignUpViewModel.swift */ = {isa = PBXFileReference; lastKnownFileType = sourcecode.swift; path = SignUpViewModel.swift; sourceTree = "<group>"; };
		AB95E2FC2A6EAB21001FDDD8 /* SignUpView.swift */ = {isa = PBXFileReference; lastKnownFileType = sourcecode.swift; path = SignUpView.swift; sourceTree = "<group>"; };
		AB95E2FE2A6EAB3F001FDDD8 /* SignUpViewState.swift */ = {isa = PBXFileReference; lastKnownFileType = sourcecode.swift; path = SignUpViewState.swift; sourceTree = "<group>"; };
		AB95E3002A6EB4D5001FDDD8 /* LoginViewDelegate.swift */ = {isa = PBXFileReference; lastKnownFileType = sourcecode.swift; path = LoginViewDelegate.swift; sourceTree = "<group>"; };
		AB95E3042A6EC6B4001FDDD8 /* PasswordTextFieldStack.swift */ = {isa = PBXFileReference; lastKnownFileType = sourcecode.swift; path = PasswordTextFieldStack.swift; sourceTree = "<group>"; };
		ABA4F9022A682ADC0008D18E /* MainViewController.swift */ = {isa = PBXFileReference; lastKnownFileType = sourcecode.swift; path = MainViewController.swift; sourceTree = "<group>"; };
		ABA69B592A9CDD7F0049B3BB /* VideoEntryError.swift */ = {isa = PBXFileReference; lastKnownFileType = sourcecode.swift; path = VideoEntryError.swift; sourceTree = "<group>"; };
		ABA9465F2A7333F7002A96D3 /* EntriesViewTableViewDataSource.swift */ = {isa = PBXFileReference; lastKnownFileType = sourcecode.swift; path = EntriesViewTableViewDataSource.swift; sourceTree = "<group>"; };
		ABA946612A733AD4002A96D3 /* ReuseIDConstants.swift */ = {isa = PBXFileReference; lastKnownFileType = sourcecode.swift; path = ReuseIDConstants.swift; sourceTree = "<group>"; };
		ABAA24982AAFC49400C82367 /* PHPhotoLibraryProtocol.swift */ = {isa = PBXFileReference; lastKnownFileType = sourcecode.swift; path = PHPhotoLibraryProtocol.swift; sourceTree = "<group>"; };
		ABAA249B2AAFC4C000C82367 /* MockPHPhotoLibrary.swift */ = {isa = PBXFileReference; lastKnownFileType = sourcecode.swift; path = MockPHPhotoLibrary.swift; sourceTree = "<group>"; };
		ABAB18A12A8EBB4000E22FB3 /* CustomAlertType.swift */ = {isa = PBXFileReference; lastKnownFileType = sourcecode.swift; path = CustomAlertType.swift; sourceTree = "<group>"; };
		ABACE7E82A603A1C00981098 /* HomeSquareCard.swift */ = {isa = PBXFileReference; lastKnownFileType = sourcecode.swift; path = HomeSquareCard.swift; sourceTree = "<group>"; };
		ABB24E3A2A66C067001A76E0 /* AuthService.swift */ = {isa = PBXFileReference; lastKnownFileType = sourcecode.swift; path = AuthService.swift; sourceTree = "<group>"; };
		ABB24E432A66D87C001A76E0 /* TabBarCoordinator.swift */ = {isa = PBXFileReference; lastKnownFileType = sourcecode.swift; path = TabBarCoordinator.swift; sourceTree = "<group>"; };
		ABB24E452A66D903001A76E0 /* MainTabBarController.swift */ = {isa = PBXFileReference; lastKnownFileType = sourcecode.swift; path = MainTabBarController.swift; sourceTree = "<group>"; };
		ABB348332A6AC2AC0050A9AC /* EntriesViewController.swift */ = {isa = PBXFileReference; lastKnownFileType = sourcecode.swift; path = EntriesViewController.swift; sourceTree = "<group>"; };
		ABB348352A6AC2C20050A9AC /* EntriesView.swift */ = {isa = PBXFileReference; lastKnownFileType = sourcecode.swift; path = EntriesView.swift; sourceTree = "<group>"; };
		ABB348372A6AC2C90050A9AC /* EntriesCoordinator.swift */ = {isa = PBXFileReference; lastKnownFileType = sourcecode.swift; path = EntriesCoordinator.swift; sourceTree = "<group>"; };
		ABB348392A6AC3130050A9AC /* EntriesViewModel.swift */ = {isa = PBXFileReference; lastKnownFileType = sourcecode.swift; path = EntriesViewModel.swift; sourceTree = "<group>"; };
		ABB3483B2A6AC3350050A9AC /* EntriesViewState.swift */ = {isa = PBXFileReference; lastKnownFileType = sourcecode.swift; path = EntriesViewState.swift; sourceTree = "<group>"; };
		ABB3483F2A6ACE5C0050A9AC /* AddEditTextEntryViewController.swift */ = {isa = PBXFileReference; lastKnownFileType = sourcecode.swift; path = AddEditTextEntryViewController.swift; sourceTree = "<group>"; };
		ABB348412A6ACE660050A9AC /* AddEditTextEntryView.swift */ = {isa = PBXFileReference; lastKnownFileType = sourcecode.swift; path = AddEditTextEntryView.swift; sourceTree = "<group>"; };
		ABB348432A6ACE700050A9AC /* AddEditTextEntryViewModel.swift */ = {isa = PBXFileReference; lastKnownFileType = sourcecode.swift; path = AddEditTextEntryViewModel.swift; sourceTree = "<group>"; };
		ABB348452A6ACE8E0050A9AC /* AddEditTextEntryViewState.swift */ = {isa = PBXFileReference; lastKnownFileType = sourcecode.swift; path = AddEditTextEntryViewState.swift; sourceTree = "<group>"; };
		ABB348472A6AD2610050A9AC /* HomeViewDelegate.swift */ = {isa = PBXFileReference; lastKnownFileType = sourcecode.swift; path = HomeViewDelegate.swift; sourceTree = "<group>"; };
		ABB4B9662A635EAD00E63018 /* LoginViewController.swift */ = {isa = PBXFileReference; lastKnownFileType = sourcecode.swift; path = LoginViewController.swift; sourceTree = "<group>"; };
		ABB4B9682A635EBA00E63018 /* LoginViewModel.swift */ = {isa = PBXFileReference; lastKnownFileType = sourcecode.swift; path = LoginViewModel.swift; sourceTree = "<group>"; };
		ABB73B982AAAB9B1001B4DC5 /* UIButton.Configuration+back.swift */ = {isa = PBXFileReference; lastKnownFileType = sourcecode.swift; path = "UIButton.Configuration+back.swift"; sourceTree = "<group>"; };
		ABB832802A8C14A900E8C247 /* EntryTypeCollectionViewDataSourceAndDelegate.swift */ = {isa = PBXFileReference; lastKnownFileType = sourcecode.swift; path = EntryTypeCollectionViewDataSourceAndDelegate.swift; sourceTree = "<group>"; };
		ABB832822A8C14F200E8C247 /* EntryTypeCollectionViewCell.swift */ = {isa = PBXFileReference; lastKnownFileType = sourcecode.swift; path = EntryTypeCollectionViewCell.swift; sourceTree = "<group>"; };
		ABC9354D2A5E04AB0094F4E0 /* HomeYourLatestEntriesCard.swift */ = {isa = PBXFileReference; lastKnownFileType = sourcecode.swift; path = HomeYourLatestEntriesCard.swift; sourceTree = "<group>"; };
		ABD01AF12A8276E50066B2FE /* UIFontMetrics+Helpers.swift */ = {isa = PBXFileReference; lastKnownFileType = sourcecode.swift; path = "UIFontMetrics+Helpers.swift"; sourceTree = "<group>"; };
		ABD427022A81A6D600783DE4 /* HomeActivityStreakSection.swift */ = {isa = PBXFileReference; lastKnownFileType = sourcecode.swift; path = HomeActivityStreakSection.swift; sourceTree = "<group>"; };
		ABD819E72A85C9BC0078604A /* CustomDivider.swift */ = {isa = PBXFileReference; lastKnownFileType = sourcecode.swift; path = CustomDivider.swift; sourceTree = "<group>"; };
		ABD819E92A866C510078604A /* HomeSectionPrimaryBox.swift */ = {isa = PBXFileReference; lastKnownFileType = sourcecode.swift; path = HomeSectionPrimaryBox.swift; sourceTree = "<group>"; };
		ABD974012A77FFAB00BD9C8F /* StartupViewController.swift */ = {isa = PBXFileReference; lastKnownFileType = sourcecode.swift; path = StartupViewController.swift; sourceTree = "<group>"; };
		ABDA15852A802E5400D94D7E /* MainNavigationController.swift */ = {isa = PBXFileReference; lastKnownFileType = sourcecode.swift; path = MainNavigationController.swift; sourceTree = "<group>"; };
		ABDB553C2A72A82600DC8DF8 /* FormError.swift */ = {isa = PBXFileReference; lastKnownFileType = sourcecode.swift; path = FormError.swift; sourceTree = "<group>"; };
		ABE7A52D2A71554F00B0D21D /* Error+emojiMessage.swift */ = {isa = PBXFileReference; lastKnownFileType = sourcecode.swift; path = "Error+emojiMessage.swift"; sourceTree = "<group>"; };
		ABEA455F2A61808300F6E8EB /* HomeSquareButtonType.swift */ = {isa = PBXFileReference; lastKnownFileType = sourcecode.swift; path = HomeSquareButtonType.swift; sourceTree = "<group>"; };
		ABF2B0D92A6FFC3A007A93DB /* ErrorMessageConstants.swift */ = {isa = PBXFileReference; lastKnownFileType = sourcecode.swift; path = ErrorMessageConstants.swift; sourceTree = "<group>"; };
		ABF2B0DB2A700E69007A93DB /* AlertPresenter.swift */ = {isa = PBXFileReference; lastKnownFileType = sourcecode.swift; path = AlertPresenter.swift; sourceTree = "<group>"; };
		ABF8FD5E2A72ABE40065B8D9 /* HomeViewModelUnitTests.swift */ = {isa = PBXFileReference; lastKnownFileType = sourcecode.swift; path = HomeViewModelUnitTests.swift; sourceTree = "<group>"; };
		ABF8FD602A72B5230065B8D9 /* LoginViewModelUnitTests.swift */ = {isa = PBXFileReference; lastKnownFileType = sourcecode.swift; path = LoginViewModelUnitTests.swift; sourceTree = "<group>"; };
		ABFA28DA2A964A63004700C8 /* CreateVideoEntryViewDelegate.swift */ = {isa = PBXFileReference; lastKnownFileType = sourcecode.swift; path = CreateVideoEntryViewDelegate.swift; sourceTree = "<group>"; };
		ABFEF2782A658546004C40A8 /* Coordinator.swift */ = {isa = PBXFileReference; lastKnownFileType = sourcecode.swift; path = Coordinator.swift; sourceTree = "<group>"; };
		ABFEF27C2A658612004C40A8 /* OnboardingCoordinator.swift */ = {isa = PBXFileReference; lastKnownFileType = sourcecode.swift; path = OnboardingCoordinator.swift; sourceTree = "<group>"; };
		ABFEF27E2A658DA4004C40A8 /* MainCoordinator.swift */ = {isa = PBXFileReference; lastKnownFileType = sourcecode.swift; path = MainCoordinator.swift; sourceTree = "<group>"; };
/* End PBXFileReference section */

/* Begin PBXFrameworksBuildPhase section */
		AB181C422A5B1B7500560299 /* Frameworks */ = {
			isa = PBXFrameworksBuildPhase;
			buildActionMask = 2147483647;
			files = (
				AB5BE2982A64662500803E16 /* FirebaseAnalyticsSwift in Frameworks */,
				AB5BE2962A64662500803E16 /* FirebaseAnalytics in Frameworks */,
				AB7239C42A5BA03E00A0392D /* SwiftPlus in Frameworks */,
				AB5BE29C2A64662500803E16 /* FirebaseFirestore in Frameworks */,
				AB5BE2A02A64662500803E16 /* FirebaseStorage in Frameworks */,
				AB5BE29A2A64662500803E16 /* FirebaseAuth in Frameworks */,
				AB5BE29E2A64662500803E16 /* FirebaseFirestoreSwift in Frameworks */,
			);
			runOnlyForDeploymentPostprocessing = 0;
		};
		AB948B662A6D7EAC00430E61 /* Frameworks */ = {
			isa = PBXFrameworksBuildPhase;
			buildActionMask = 2147483647;
			files = (
			);
			runOnlyForDeploymentPostprocessing = 0;
		};
/* End PBXFrameworksBuildPhase section */

/* Begin PBXGroup section */
		AB0E971C2A858E7E005F77A5 /* Accomplishments */ = {
			isa = PBXGroup;
			children = (
				AB28CD412A847CE100E0C08C /* HomeAccomplishmentsSection.swift */,
				AB0E97212A859619005F77A5 /* HomeAccomplishmentsStackViewRow.swift */,
			);
			path = Accomplishments;
			sourceTree = "<group>";
		};
		AB1429DB2AAB548F00C66ADD /* Assets */ = {
			isa = PBXGroup;
			children = (
				AB1E170E2AB0B3AE008EA954 /* TestVideo.mov */,
			);
			path = Assets;
			sourceTree = "<group>";
		};
		AB181C3C2A5B1B7500560299 = {
			isa = PBXGroup;
			children = (
				AB181C472A5B1B7500560299 /* JournalBuddy */,
				AB948B6A2A6D7EAC00430E61 /* JournalBuddyUnitTests */,
				AB181C462A5B1B7500560299 /* Products */,
				AB76775E2A6C6B1D0050149E /* Frameworks */,
			);
			sourceTree = "<group>";
		};
		AB181C462A5B1B7500560299 /* Products */ = {
			isa = PBXGroup;
			children = (
				AB181C452A5B1B7500560299 /* JournalBuddy.app */,
				AB948B692A6D7EAC00430E61 /* JournalBuddyUnitTests.xctest */,
			);
			name = Products;
			sourceTree = "<group>";
		};
		AB181C472A5B1B7500560299 /* JournalBuddy */ = {
			isa = PBXGroup;
			children = (
				ABFEF27E2A658DA4004C40A8 /* MainCoordinator.swift */,
				AB181C482A5B1B7500560299 /* AppDelegate.swift */,
				AB181C4A2A5B1B7500560299 /* SceneDelegate.swift */,
				AB1D33BE2A5EE1480068939C /* Model */,
				ABC9354B2A5E01CA0094F4E0 /* Views & ViewModels */,
				ABB24E392A66C052001A76E0 /* Services */,
				AB7239C52A5BA07500A0392D /* Protocols */,
				AB2988B02A5D9CA700303262 /* Extensions */,
				ABD426FE2A81A18A00783DE4 /* Old and Unused */,
				AB7CC9112A643C8E0054B1A4 /* Utilities */,
				AB7677342A6C64840050149E /* Errors */,
				AB181C5C2A5B25DB00560299 /* GoogleService-Info.plist */,
				AB181C512A5B1B7800560299 /* Assets.xcassets */,
				AB181C532A5B1B7800560299 /* LaunchScreen.storyboard */,
				AB181C562A5B1B7800560299 /* Info.plist */,
			);
			path = JournalBuddy;
			sourceTree = "<group>";
		};
		AB1BB0CA2A94E00F0051EB66 /* CreateVideoEntry */ = {
			isa = PBXGroup;
			children = (
				AB1BB0CB2A94E0240051EB66 /* CreateVideoEntryViewController.swift */,
				AB1BB0CD2A94E02F0051EB66 /* CreateVideoEntryView.swift */,
				AB1BB0D32A94E19F0051EB66 /* CreateVideoEntryViewModel.swift */,
				AB1BB0CF2A94E1530051EB66 /* CreateVideoEntryCoordinator.swift */,
				AB1BB0D12A94E1620051EB66 /* CreateVideoEntryViewState.swift */,
				ABFA28DA2A964A63004700C8 /* CreateVideoEntryViewDelegate.swift */,
				AB1BB0D52A94F21C0051EB66 /* VideoPreviewView.swift */,
				AB413EAA2A96B75000916054 /* UploadVideo */,
			);
			path = CreateVideoEntry;
			sourceTree = "<group>";
		};
		AB1D33BA2A5EE0BB0068939C /* OldHomeHowAreYouFeeling */ = {
			isa = PBXGroup;
			children = (
				AB2988AE2A5D8FE600303262 /* HomeHowAreYouFeelingCard.swift */,
			);
			path = OldHomeHowAreYouFeeling;
			sourceTree = "<group>";
		};
		AB1D33BB2A5EE0C60068939C /* YourLatestEntries */ = {
			isa = PBXGroup;
			children = (
				ABC9354D2A5E04AB0094F4E0 /* HomeYourLatestEntriesCard.swift */,
				AB1D33BC2A5EE10E0068939C /* HomeYourLatestEntriesCollectionViewCell.swift */,
			);
			path = YourLatestEntries;
			sourceTree = "<group>";
		};
		AB1D33BE2A5EE1480068939C /* Model */ = {
			isa = PBXGroup;
			children = (
				AB8E77762A770E6900EAF49D /* User.swift */,
				AB1D33BF2A5EE14E0068939C /* TextEntry.swift */,
				AB58B8F22AA7DC2800FAA4D7 /* VideoEntry.swift */,
				AB0E971F2A858F55005F77A5 /* Goal.swift */,
				AB7677322A6C20D50050149E /* EntryType.swift */,
				AB72DCA12A6F5BE000B4D4AF /* MainTextFieldType.swift */,
				ABAB18A12A8EBB4000E22FB3 /* CustomAlertType.swift */,
				AB1617892A98F05E001CDC53 /* VideoPlayerMediaButtonType.swift */,
			);
			path = Model;
			sourceTree = "<group>";
		};
		AB2988B02A5D9CA700303262 /* Extensions */ = {
			isa = PBXGroup;
			children = (
				AB2988B12A5D9CC600303262 /* UIFont+Helpers.swift */,
				ABD01AF12A8276E50066B2FE /* UIFontMetrics+Helpers.swift */,
				AB90AA1C2A806FB3003F94D7 /* UIImage.Configuration+Helpers.swift */,
				AB72DCA32A6F687200B4D4AF /* UITextField+Helpers.swift */,
				ABE7A52D2A71554F00B0D21D /* Error+emojiMessage.swift */,
				AB8E9B922A8A580500A99C3A /* UIApplication+currentUIWindow.swift */,
				AB8A49542A9BD7EE00791695 /* Int+Helpers.swift */,
				AB12E2432AA9302B007DFAE4 /* Notification.Name+Helpers.swift */,
				ABB73B982AAAB9B1001B4DC5 /* UIButton.Configuration+back.swift */,
			);
			path = Extensions;
			sourceTree = "<group>";
		};
		AB413EAA2A96B75000916054 /* UploadVideo */ = {
			isa = PBXGroup;
			children = (
				AB413EAB2A96B76200916054 /* UploadVideoEntryViewController.swift */,
				AB413EAD2A96B76A00916054 /* UploadVideoEntryView.swift */,
				AB413EAF2A96B77300916054 /* UploadVideoEntryViewModel.swift */,
				AB413EB12A96B7C000916054 /* UploadVideoEntryViewState.swift */,
				AB56A4622A979BB000DA2875 /* VideoPlayerView.swift */,
			);
			path = UploadVideo;
			sourceTree = "<group>";
		};
		AB41680A2A8D094C001B9AA1 /* EntryTypeCollectionView */ = {
			isa = PBXGroup;
			children = (
				ABB832822A8C14F200E8C247 /* EntryTypeCollectionViewCell.swift */,
				ABB832802A8C14A900E8C247 /* EntryTypeCollectionViewDataSourceAndDelegate.swift */,
			);
			path = EntryTypeCollectionView;
			sourceTree = "<group>";
		};
		AB41680B2A8D096F001B9AA1 /* EntriesTableView */ = {
			isa = PBXGroup;
			children = (
				ABA9465F2A7333F7002A96D3 /* EntriesViewTableViewDataSource.swift */,
				AB8E9B892A8935F700A99C3A /* EntriesViewTableViewCell.swift */,
			);
			path = EntriesTableView;
			sourceTree = "<group>";
		};
		AB5CB57D2A843C43005F6016 /* Reusable UIViews */ = {
			isa = PBXGroup;
			children = (
				AB5CB57E2A843C73005F6016 /* HomeSectionSecondaryBox.swift */,
				ABD819E92A866C510078604A /* HomeSectionPrimaryBox.swift */,
			);
			path = "Reusable UIViews";
			sourceTree = "<group>";
		};
		AB5CB5802A844202005F6016 /* Sections */ = {
			isa = PBXGroup;
			children = (
				ABD427022A81A6D600783DE4 /* HomeActivityStreakSection.swift */,
				AB42A13C2A8D78DC0040430E /* HomeActivityOverviewSection.swift */,
				AB0E971C2A858E7E005F77A5 /* Accomplishments */,
			);
			path = Sections;
			sourceTree = "<group>";
		};
		AB5E7B0C2A8FA265004A9051 /* Password Text Field */ = {
			isa = PBXGroup;
			children = (
				AB7CC9172A64463E0054B1A4 /* PasswordTextField.swift */,
				AB95E3042A6EC6B4001FDDD8 /* PasswordTextFieldStack.swift */,
			);
			path = "Password Text Field";
			sourceTree = "<group>";
		};
		AB5E7B0F2A8FA854004A9051 /* Buttons */ = {
			isa = PBXGroup;
			children = (
				AB5E7B0D2A8FA59E004A9051 /* SFSymbolButton.swift */,
				AB7CC9152A643D310054B1A4 /* PrimaryButton.swift */,
			);
			path = Buttons;
			sourceTree = "<group>";
		};
		AB7239C52A5BA07500A0392D /* Protocols */ = {
			isa = PBXGroup;
			children = (
				ABA4F9022A682ADC0008D18E /* MainViewController.swift */,
				AB7239C72A5BA07B00A0392D /* MainView.swift */,
				AB7239C62A5BA07B00A0392D /* MainViewModel.swift */,
				ABFEF2782A658546004C40A8 /* Coordinator.swift */,
				AB1E02932A69E14B006F42F8 /* ViewState.swift */,
				AB76772E2A6C1BF00050149E /* Entry.swift */,
				AB76776F2A6C6C9E0050149E /* DatabaseServiceProtocol.swift */,
				AB1AC7AD2A707FC100FE7A7E /* AuthServiceProtocol.swift */,
				ABAA24982AAFC49400C82367 /* PHPhotoLibraryProtocol.swift */,
			);
			path = Protocols;
			sourceTree = "<group>";
		};
		AB7677342A6C64840050149E /* Errors */ = {
			isa = PBXGroup;
			children = (
				AB1AC7A82A70778600FE7A7E /* LogicError.swift */,
				AB90FF0D2A71FFB100D23017 /* FBFirestoreError.swift */,
				AB07B62A2A696B8A0096BE25 /* FBAuthError.swift */,
				AB58B8F42AA7E28F00FAA4D7 /* FBStorageError.swift */,
				ABDB553C2A72A82600DC8DF8 /* FormError.swift */,
				ABA69B592A9CDD7F0049B3BB /* VideoEntryError.swift */,
			);
			path = Errors;
			sourceTree = "<group>";
		};
		AB76775E2A6C6B1D0050149E /* Frameworks */ = {
			isa = PBXGroup;
			children = (
			);
			name = Frameworks;
			sourceTree = "<group>";
		};
		AB7CC9112A643C8E0054B1A4 /* Utilities */ = {
			isa = PBXGroup;
			children = (
				AB7CC9122A643C9C0054B1A4 /* UIConstants.swift */,
				AB7677352A6C64AB0050149E /* FBConstants.swift */,
				ABF2B0D92A6FFC3A007A93DB /* ErrorMessageConstants.swift */,
				ABF2B0DB2A700E69007A93DB /* AlertPresenter.swift */,
				ABA946612A733AD4002A96D3 /* ReuseIDConstants.swift */,
				AB90AA182A803CCA003F94D7 /* FontConstants.swift */,
				AB7076832A8E4DCC00E7E4DB /* SFSymbolConstants.swift */,
				AB12E2452AA93097007DFAE4 /* NotificationConstants.swift */,
			);
			path = Utilities;
			sourceTree = "<group>";
		};
		AB7CC9142A643D1B0054B1A4 /* Custom UIViews */ = {
			isa = PBXGroup;
			children = (
				AB5BE2A12A64762B00803E16 /* MainTextField.swift */,
				ABB24E452A66D903001A76E0 /* MainTabBarController.swift */,
				ABDA15852A802E5400D94D7E /* MainNavigationController.swift */,
				ABD819E72A85C9BC0078604A /* CustomDivider.swift */,
				AB8E9B8B2A89371D00A99C3A /* MainTableView.swift */,
				AB0D85062AA6712B00E4C9D6 /* BackButton.swift */,
				AB5E7B0F2A8FA854004A9051 /* Buttons */,
				AB5E7B0C2A8FA265004A9051 /* Password Text Field */,
				ABAB18A02A8EB35300E22FB3 /* Custom Alert */,
				AB8E9B8F2A894E3800A99C3A /* Custom Menu */,
			);
			path = "Custom UIViews";
			sourceTree = "<group>";
		};
		AB8E9B7C2A89124500A99C3A /* Goals */ = {
			isa = PBXGroup;
			children = (
				AB8E9B7D2A89126300A99C3A /* GoalsViewController.swift */,
				AB8E9B852A89172400A99C3A /* GoalsView.swift */,
				AB8E9B7F2A89127F00A99C3A /* GoalsViewModel.swift */,
				AB8E9B812A89129A00A99C3A /* GoalsViewState.swift */,
				AB8E9B832A8912B700A99C3A /* GoalsCoordinator.swift */,
			);
			path = Goals;
			sourceTree = "<group>";
		};
		AB8E9B8F2A894E3800A99C3A /* Custom Menu */ = {
			isa = PBXGroup;
			children = (
				AB8E9B8D2A894C9900A99C3A /* CustomMenu.swift */,
				AB8E9B902A894E5500A99C3A /* CustomMenuRow.swift */,
			);
			path = "Custom Menu";
			sourceTree = "<group>";
		};
		AB90FF0C2A71F05E00D23017 /* Test Plans */ = {
			isa = PBXGroup;
			children = (
				AB0E3D002A721C8D004DD606 /* AllTests.xctestplan */,
			);
			path = "Test Plans";
			sourceTree = "<group>";
		};
		AB948B592A6D7D9800430E61 /* Utilities */ = {
			isa = PBXGroup;
			children = (
				AB948B5A2A6D7D9800430E61 /* TestData.swift */,
			);
			path = Utilities;
			sourceTree = "<group>";
		};
		AB948B5B2A6D7D9800430E61 /* Mocks */ = {
			isa = PBXGroup;
			children = (
				AB948B5C2A6D7D9800430E61 /* MockDatabaseService.swift */,
				AB1AC7AF2A70837900FE7A7E /* MockAuthService.swift */,
				ABAA249B2AAFC4C000C82367 /* MockPHPhotoLibrary.swift */,
			);
			path = Mocks;
			sourceTree = "<group>";
		};
		AB948B5D2A6D7D9800430E61 /* Tests */ = {
			isa = PBXGroup;
			children = (
				ABF8FD602A72B5230065B8D9 /* LoginViewModelUnitTests.swift */,
				AB1AC7AA2A707D6A00FE7A7E /* SignUpViewModelUnitTests.swift */,
				ABF8FD5E2A72ABE40065B8D9 /* HomeViewModelUnitTests.swift */,
				AB8760BC2A740955009D3D39 /* EntriesViewModelUnitTests.swift */,
				AB8E9B872A89279E00A99C3A /* GoalsViewModelUnitTests.swift */,
				AB948B5E2A6D7D9800430E61 /* AddEditTextEntryViewModelUnitTests.swift */,
				AB16178B2A98F7A2001CDC53 /* UploadVideoEntryViewModelUnitTests.swift */,
				AB16178D2A98F8AE001CDC53 /* CreateVideoEntryViewModelUnitTests.swift */,
			);
			path = Tests;
			sourceTree = "<group>";
		};
		AB948B5F2A6D7D9800430E61 /* Errors */ = {
			isa = PBXGroup;
			children = (
				AB948B602A6D7D9800430E61 /* TestError.swift */,
			);
			path = Errors;
			sourceTree = "<group>";
		};
		AB948B6A2A6D7EAC00430E61 /* JournalBuddyUnitTests */ = {
			isa = PBXGroup;
			children = (
				AB90FF0C2A71F05E00D23017 /* Test Plans */,
				AB948B5D2A6D7D9800430E61 /* Tests */,
				AB948B5B2A6D7D9800430E61 /* Mocks */,
				AB948B5F2A6D7D9800430E61 /* Errors */,
				AB948B592A6D7D9800430E61 /* Utilities */,
				AB1429DB2AAB548F00C66ADD /* Assets */,
				ABAA24972AAFC47B00C82367 /* Protocols */,
			);
			path = JournalBuddyUnitTests;
			sourceTree = "<group>";
		};
		AB95E2F72A6EA9FD001FDDD8 /* SignUp */ = {
			isa = PBXGroup;
			children = (
				AB95E2F82A6EAA26001FDDD8 /* SignUpViewController.swift */,
				AB95E2FC2A6EAB21001FDDD8 /* SignUpView.swift */,
				AB95E2FA2A6EAA93001FDDD8 /* SignUpViewModel.swift */,
				AB95E2FE2A6EAB3F001FDDD8 /* SignUpViewState.swift */,
			);
			path = SignUp;
			sourceTree = "<group>";
		};
		ABA4F9012A682AA00008D18E /* Entries */ = {
			isa = PBXGroup;
			children = (
				ABB348332A6AC2AC0050A9AC /* EntriesViewController.swift */,
				ABB348352A6AC2C20050A9AC /* EntriesView.swift */,
				ABB348392A6AC3130050A9AC /* EntriesViewModel.swift */,
				ABB348372A6AC2C90050A9AC /* EntriesCoordinator.swift */,
				AB8E77582A76AF0A00EAF49D /* EntriesViewDelegate.swift */,
				ABB3483B2A6AC3350050A9AC /* EntriesViewState.swift */,
				AB41680A2A8D094C001B9AA1 /* EntryTypeCollectionView */,
				AB41680B2A8D096F001B9AA1 /* EntriesTableView */,
			);
			path = Entries;
			sourceTree = "<group>";
		};
		ABAA24972AAFC47B00C82367 /* Protocols */ = {
			isa = PBXGroup;
			children = (
			);
			path = Protocols;
			sourceTree = "<group>";
		};
		ABAB18A02A8EB35300E22FB3 /* Custom Alert */ = {
			isa = PBXGroup;
			children = (
				AB7076852A8E606300E7E4DB /* CustomAlert.swift */,
				AB7076892A8E60BE00E7E4DB /* CustomAlertButton.swift */,
			);
			path = "Custom Alert";
			sourceTree = "<group>";
		};
		ABACE7E42A6039C000981098 /* OldHomeNewEntry */ = {
			isa = PBXGroup;
			children = (
				ABACE7E82A603A1C00981098 /* HomeSquareCard.swift */,
				AB17ECA02A60A3DD00ADED40 /* HomeSquareButton.swift */,
			);
			path = OldHomeNewEntry;
			sourceTree = "<group>";
		};
		ABB24E392A66C052001A76E0 /* Services */ = {
			isa = PBXGroup;
			children = (
				ABB24E3A2A66C067001A76E0 /* AuthService.swift */,
				AB7677302A6C1F0C0050149E /* DatabaseService.swift */,
			);
			path = Services;
			sourceTree = "<group>";
		};
		ABB24E3E2A66D127001A76E0 /* Tabs */ = {
			isa = PBXGroup;
			children = (
				ABB24E432A66D87C001A76E0 /* TabBarCoordinator.swift */,
				ABC9354C2A5E01DA0094F4E0 /* Home */,
				ABA4F9012A682AA00008D18E /* Entries */,
				AB8E9B7C2A89124500A99C3A /* Goals */,
			);
			path = Tabs;
			sourceTree = "<group>";
		};
		ABB3483E2A6ACE010050A9AC /* AddEditTextEntry */ = {
			isa = PBXGroup;
			children = (
				ABB3483F2A6ACE5C0050A9AC /* AddEditTextEntryViewController.swift */,
				ABB348412A6ACE660050A9AC /* AddEditTextEntryView.swift */,
				ABB348432A6ACE700050A9AC /* AddEditTextEntryViewModel.swift */,
				AB8E775A2A76B4DE00EAF49D /* AddEditTextEntryCoordinator.swift */,
				ABB348452A6ACE8E0050A9AC /* AddEditTextEntryViewState.swift */,
			);
			path = AddEditTextEntry;
			sourceTree = "<group>";
		};
		ABB4B9652A635E9D00E63018 /* Login */ = {
			isa = PBXGroup;
			children = (
				ABB4B9662A635EAD00E63018 /* LoginViewController.swift */,
				AB7CC91B2A6460A50054B1A4 /* LoginView.swift */,
				ABB4B9682A635EBA00E63018 /* LoginViewModel.swift */,
				AB1E02912A69E0C6006F42F8 /* LoginViewState.swift */,
				AB95E3002A6EB4D5001FDDD8 /* LoginViewDelegate.swift */,
			);
			path = Login;
			sourceTree = "<group>";
		};
		ABC9354B2A5E01CA0094F4E0 /* Views & ViewModels */ = {
			isa = PBXGroup;
			children = (
				ABD974012A77FFAB00BD9C8F /* StartupViewController.swift */,
				ABFEF27B2A6585FD004C40A8 /* Onboarding */,
				ABB24E3E2A66D127001A76E0 /* Tabs */,
				ABB3483E2A6ACE010050A9AC /* AddEditTextEntry */,
				AB1BB0CA2A94E00F0051EB66 /* CreateVideoEntry */,
				AB7CC9142A643D1B0054B1A4 /* Custom UIViews */,
			);
			path = "Views & ViewModels";
			sourceTree = "<group>";
		};
		ABC9354C2A5E01DA0094F4E0 /* Home */ = {
			isa = PBXGroup;
			children = (
				AB181C4C2A5B1B7500560299 /* HomeViewController.swift */,
				AB7CC9192A645DC70054B1A4 /* HomeView.swift */,
				AB7239CA2A5BA0A400A0392D /* HomeViewModel.swift */,
				AB4D477E2A65F01600B8C368 /* HomeCoordinator.swift */,
				AB1E02952A69E5AE006F42F8 /* HomeViewState.swift */,
				ABB348472A6AD2610050A9AC /* HomeViewDelegate.swift */,
				AB5CB5802A844202005F6016 /* Sections */,
				AB5CB57D2A843C43005F6016 /* Reusable UIViews */,
			);
			path = Home;
			sourceTree = "<group>";
		};
		ABD426FE2A81A18A00783DE4 /* Old and Unused */ = {
			isa = PBXGroup;
			children = (
				AB2988AC2A5D8B3F00303262 /* OrangeYellowGradientBackground.swift */,
				ABEA455F2A61808300F6E8EB /* HomeSquareButtonType.swift */,
				ABACE7E42A6039C000981098 /* OldHomeNewEntry */,
				AB1D33BA2A5EE0BB0068939C /* OldHomeHowAreYouFeeling */,
				AB1D33BB2A5EE0C60068939C /* YourLatestEntries */,
			);
			path = "Old and Unused";
			sourceTree = "<group>";
		};
		ABFEF27B2A6585FD004C40A8 /* Onboarding */ = {
			isa = PBXGroup;
			children = (
				ABFEF27C2A658612004C40A8 /* OnboardingCoordinator.swift */,
				AB95E2F72A6EA9FD001FDDD8 /* SignUp */,
				ABB4B9652A635E9D00E63018 /* Login */,
			);
			path = Onboarding;
			sourceTree = "<group>";
		};
/* End PBXGroup section */

/* Begin PBXNativeTarget section */
		AB181C442A5B1B7500560299 /* JournalBuddy */ = {
			isa = PBXNativeTarget;
			buildConfigurationList = AB181C592A5B1B7800560299 /* Build configuration list for PBXNativeTarget "JournalBuddy" */;
			buildPhases = (
				AB181C412A5B1B7500560299 /* Sources */,
				AB181C422A5B1B7500560299 /* Frameworks */,
				AB181C432A5B1B7500560299 /* Resources */,
			);
			buildRules = (
			);
			dependencies = (
			);
			name = JournalBuddy;
			packageProductDependencies = (
				AB7239C32A5BA03E00A0392D /* SwiftPlus */,
				AB5BE2952A64662500803E16 /* FirebaseAnalytics */,
				AB5BE2972A64662500803E16 /* FirebaseAnalyticsSwift */,
				AB5BE2992A64662500803E16 /* FirebaseAuth */,
				AB5BE29B2A64662500803E16 /* FirebaseFirestore */,
				AB5BE29D2A64662500803E16 /* FirebaseFirestoreSwift */,
				AB5BE29F2A64662500803E16 /* FirebaseStorage */,
			);
			productName = JournalBuddy;
			productReference = AB181C452A5B1B7500560299 /* JournalBuddy.app */;
			productType = "com.apple.product-type.application";
		};
		AB948B682A6D7EAC00430E61 /* JournalBuddyUnitTests */ = {
			isa = PBXNativeTarget;
			buildConfigurationList = AB948B6F2A6D7EAC00430E61 /* Build configuration list for PBXNativeTarget "JournalBuddyUnitTests" */;
			buildPhases = (
				AB948B652A6D7EAC00430E61 /* Sources */,
				AB948B662A6D7EAC00430E61 /* Frameworks */,
				AB948B672A6D7EAC00430E61 /* Resources */,
			);
			buildRules = (
			);
			dependencies = (
				AB948B6E2A6D7EAC00430E61 /* PBXTargetDependency */,
			);
			name = JournalBuddyUnitTests;
			packageProductDependencies = (
			);
			productName = JournalBuddyUnitTests;
			productReference = AB948B692A6D7EAC00430E61 /* JournalBuddyUnitTests.xctest */;
			productType = "com.apple.product-type.bundle.unit-test";
		};
/* End PBXNativeTarget section */

/* Begin PBXProject section */
		AB181C3D2A5B1B7500560299 /* Project object */ = {
			isa = PBXProject;
			attributes = {
				BuildIndependentTargetsInParallel = 1;
				LastSwiftUpdateCheck = 1430;
				LastUpgradeCheck = 1500;
				TargetAttributes = {
					AB181C442A5B1B7500560299 = {
						CreatedOnToolsVersion = 15.0;
					};
					AB948B682A6D7EAC00430E61 = {
						CreatedOnToolsVersion = 14.3;
						TestTargetID = AB181C442A5B1B7500560299;
					};
				};
			};
			buildConfigurationList = AB181C402A5B1B7500560299 /* Build configuration list for PBXProject "JournalBuddy" */;
			compatibilityVersion = "Xcode 14.0";
			developmentRegion = en;
			hasScannedForEncodings = 0;
			knownRegions = (
				en,
				Base,
			);
			mainGroup = AB181C3C2A5B1B7500560299;
			packageReferences = (
				AB7239C22A5BA03E00A0392D /* XCRemoteSwiftPackageReference "SwiftPlus" */,
				AB5BE2942A64662500803E16 /* XCRemoteSwiftPackageReference "firebase-ios-sdk" */,
			);
			productRefGroup = AB181C462A5B1B7500560299 /* Products */;
			projectDirPath = "";
			projectRoot = "";
			targets = (
				AB181C442A5B1B7500560299 /* JournalBuddy */,
				AB948B682A6D7EAC00430E61 /* JournalBuddyUnitTests */,
			);
		};
/* End PBXProject section */

/* Begin PBXResourcesBuildPhase section */
		AB181C432A5B1B7500560299 /* Resources */ = {
			isa = PBXResourcesBuildPhase;
			buildActionMask = 2147483647;
			files = (
				AB181C552A5B1B7800560299 /* LaunchScreen.storyboard in Resources */,
				AB181C522A5B1B7800560299 /* Assets.xcassets in Resources */,
				AB181C5D2A5B25DB00560299 /* GoogleService-Info.plist in Resources */,
				AB1E170F2AB0B3AE008EA954 /* TestVideo.mov in Resources */,
			);
			runOnlyForDeploymentPostprocessing = 0;
		};
		AB948B672A6D7EAC00430E61 /* Resources */ = {
			isa = PBXResourcesBuildPhase;
			buildActionMask = 2147483647;
			files = (
			);
			runOnlyForDeploymentPostprocessing = 0;
		};
/* End PBXResourcesBuildPhase section */

/* Begin PBXSourcesBuildPhase section */
		AB181C412A5B1B7500560299 /* Sources */ = {
			isa = PBXSourcesBuildPhase;
			buildActionMask = 2147483647;
			files = (
				AB95E2FF2A6EAB3F001FDDD8 /* SignUpViewState.swift in Sources */,
				ABB348362A6AC2C20050A9AC /* EntriesView.swift in Sources */,
				AB1D33C02A5EE14E0068939C /* TextEntry.swift in Sources */,
				ABB348482A6AD2610050A9AC /* HomeViewDelegate.swift in Sources */,
				ABB832832A8C14F200E8C247 /* EntryTypeCollectionViewCell.swift in Sources */,
				ABB24E442A66D87C001A76E0 /* TabBarCoordinator.swift in Sources */,
				AB5E7B0E2A8FA59E004A9051 /* SFSymbolButton.swift in Sources */,
				AB07B62B2A696B8A0096BE25 /* FBAuthError.swift in Sources */,
				AB70768A2A8E60BE00E7E4DB /* CustomAlertButton.swift in Sources */,
				AB72DCA22A6F5BE000B4D4AF /* MainTextFieldType.swift in Sources */,
				ABD819EA2A866C510078604A /* HomeSectionPrimaryBox.swift in Sources */,
				ABB24E462A66D903001A76E0 /* MainTabBarController.swift in Sources */,
				AB0E97202A858F55005F77A5 /* Goal.swift in Sources */,
				AB95E3012A6EB4D5001FDDD8 /* LoginViewDelegate.swift in Sources */,
				AB181C4D2A5B1B7500560299 /* HomeViewController.swift in Sources */,
				AB8E9B932A8A580500A99C3A /* UIApplication+currentUIWindow.swift in Sources */,
				ABAA249A2AAFC49800C82367 /* PHPhotoLibraryProtocol.swift in Sources */,
				ABACE7E92A603A1C00981098 /* HomeSquareCard.swift in Sources */,
				AB8E9B8A2A8935F700A99C3A /* EntriesViewTableViewCell.swift in Sources */,
				AB12E2462AA93097007DFAE4 /* NotificationConstants.swift in Sources */,
				ABB348422A6ACE660050A9AC /* AddEditTextEntryView.swift in Sources */,
				AB1BB0D62A94F21C0051EB66 /* VideoPreviewView.swift in Sources */,
				AB8E9B7E2A89126300A99C3A /* GoalsViewController.swift in Sources */,
				AB7239CB2A5BA0A400A0392D /* HomeViewModel.swift in Sources */,
				AB72DCA42A6F687200B4D4AF /* UITextField+Helpers.swift in Sources */,
				AB1E02922A69E0C6006F42F8 /* LoginViewState.swift in Sources */,
				AB2988AD2A5D8B3F00303262 /* OrangeYellowGradientBackground.swift in Sources */,
				AB1D33BD2A5EE10E0068939C /* HomeYourLatestEntriesCollectionViewCell.swift in Sources */,
				AB8E775B2A76B4DE00EAF49D /* AddEditTextEntryCoordinator.swift in Sources */,
				ABDA15862A802E5400D94D7E /* MainNavigationController.swift in Sources */,
				ABD427032A81A6D600783DE4 /* HomeActivityStreakSection.swift in Sources */,
				AB17ECA12A60A3DD00ADED40 /* HomeSquareButton.swift in Sources */,
				ABB348342A6AC2AC0050A9AC /* EntriesViewController.swift in Sources */,
				AB2988B22A5D9D6900303262 /* UIFont+Helpers.swift in Sources */,
				AB8E9B912A894E5500A99C3A /* CustomMenuRow.swift in Sources */,
				AB58B8F32AA7DC2800FAA4D7 /* VideoEntry.swift in Sources */,
				AB76772F2A6C1BF00050149E /* Entry.swift in Sources */,
				ABFEF2792A658546004C40A8 /* Coordinator.swift in Sources */,
				AB95E2FB2A6EAA93001FDDD8 /* SignUpViewModel.swift in Sources */,
				ABAB18A22A8EBB4000E22FB3 /* CustomAlertType.swift in Sources */,
				AB413EAC2A96B76200916054 /* UploadVideoEntryViewController.swift in Sources */,
				ABE7A52E2A71554F00B0D21D /* Error+emojiMessage.swift in Sources */,
				AB7CC91C2A6460A50054B1A4 /* LoginView.swift in Sources */,
				ABC9354E2A5E04AB0094F4E0 /* HomeYourLatestEntriesCard.swift in Sources */,
				ABF2B0DA2A6FFC3A007A93DB /* ErrorMessageConstants.swift in Sources */,
				AB1BB0CC2A94E0240051EB66 /* CreateVideoEntryViewController.swift in Sources */,
				AB7CC9132A643C9C0054B1A4 /* UIConstants.swift in Sources */,
				ABDB553D2A72A82600DC8DF8 /* FormError.swift in Sources */,
				AB181C492A5B1B7500560299 /* AppDelegate.swift in Sources */,
				ABB4B9692A635EBA00E63018 /* LoginViewModel.swift in Sources */,
				AB8E9B822A89129A00A99C3A /* GoalsViewState.swift in Sources */,
				AB0D85072AA6712B00E4C9D6 /* BackButton.swift in Sources */,
				AB1BB0D22A94E1620051EB66 /* CreateVideoEntryViewState.swift in Sources */,
				ABD01AF22A8276E50066B2FE /* UIFontMetrics+Helpers.swift in Sources */,
				AB5CB57F2A843C73005F6016 /* HomeSectionSecondaryBox.swift in Sources */,
				AB8E9B8C2A89371D00A99C3A /* MainTableView.swift in Sources */,
				AB413EB22A96B7C000916054 /* UploadVideoEntryViewState.swift in Sources */,
				ABEA45602A61808300F6E8EB /* HomeSquareButtonType.swift in Sources */,
				ABB348382A6AC2C90050A9AC /* EntriesCoordinator.swift in Sources */,
				AB1AC7A92A70778700FE7A7E /* LogicError.swift in Sources */,
				AB413EAE2A96B76A00916054 /* UploadVideoEntryView.swift in Sources */,
				AB12E2442AA9302B007DFAE4 /* Notification.Name+Helpers.swift in Sources */,
				ABA4F9032A682ADC0008D18E /* MainViewController.swift in Sources */,
				AB2988AF2A5D8FE700303262 /* HomeHowAreYouFeelingCard.swift in Sources */,
				AB1BB0D02A94E1530051EB66 /* CreateVideoEntryCoordinator.swift in Sources */,
				ABB4B9672A635EAD00E63018 /* LoginViewController.swift in Sources */,
				AB7CC91A2A645DC70054B1A4 /* HomeView.swift in Sources */,
				AB58B8F52AA7E28F00FAA4D7 /* FBStorageError.swift in Sources */,
				ABF2B0DC2A700E6A007A93DB /* AlertPresenter.swift in Sources */,
				AB181C4B2A5B1B7500560299 /* SceneDelegate.swift in Sources */,
				AB8E9B842A8912B700A99C3A /* GoalsCoordinator.swift in Sources */,
				AB95E3052A6EC6B4001FDDD8 /* PasswordTextFieldStack.swift in Sources */,
				AB1AC7AE2A707FC100FE7A7E /* AuthServiceProtocol.swift in Sources */,
				AB7677332A6C20D50050149E /* EntryType.swift in Sources */,
				AB1E02962A69E5AE006F42F8 /* HomeViewState.swift in Sources */,
				AB0E97222A859619005F77A5 /* HomeAccomplishmentsStackViewRow.swift in Sources */,
				AB8E9B802A89127F00A99C3A /* GoalsViewModel.swift in Sources */,
				ABD819E82A85C9BC0078604A /* CustomDivider.swift in Sources */,
				AB7076842A8E4DCC00E7E4DB /* SFSymbolConstants.swift in Sources */,
				ABA946622A733AD4002A96D3 /* ReuseIDConstants.swift in Sources */,
				AB7677702A6C6C9E0050149E /* DatabaseServiceProtocol.swift in Sources */,
				ABA69B5A2A9CDD7F0049B3BB /* VideoEntryError.swift in Sources */,
				ABFA28DB2A964A63004700C8 /* CreateVideoEntryViewDelegate.swift in Sources */,
				AB95E2FD2A6EAB21001FDDD8 /* SignUpView.swift in Sources */,
				AB8E77772A770E6900EAF49D /* User.swift in Sources */,
				AB8E9B8E2A894C9900A99C3A /* CustomMenu.swift in Sources */,
				ABFEF27D2A658612004C40A8 /* OnboardingCoordinator.swift in Sources */,
				AB4D477F2A65F01600B8C368 /* HomeCoordinator.swift in Sources */,
				AB42A13D2A8D78DC0040430E /* HomeActivityOverviewSection.swift in Sources */,
				AB7CC9182A64463E0054B1A4 /* PasswordTextField.swift in Sources */,
				ABB3483A2A6AC3130050A9AC /* EntriesViewModel.swift in Sources */,
				ABB348402A6ACE5C0050A9AC /* AddEditTextEntryViewController.swift in Sources */,
				AB28CD422A847CE100E0C08C /* HomeAccomplishmentsSection.swift in Sources */,
				AB5BE2A22A64762B00803E16 /* MainTextField.swift in Sources */,
				ABD974022A77FFAB00BD9C8F /* StartupViewController.swift in Sources */,
				AB413EB02A96B77300916054 /* UploadVideoEntryViewModel.swift in Sources */,
				AB8A49552A9BD7EE00791695 /* Int+Helpers.swift in Sources */,
				AB95E2F92A6EAA26001FDDD8 /* SignUpViewController.swift in Sources */,
				AB7CC9162A643D310054B1A4 /* PrimaryButton.swift in Sources */,
				ABB73B992AAAB9B1001B4DC5 /* UIButton.Configuration+back.swift in Sources */,
				ABFEF27F2A658DA4004C40A8 /* MainCoordinator.swift in Sources */,
				AB8E77592A76AF0A00EAF49D /* EntriesViewDelegate.swift in Sources */,
				AB90FF0E2A71FFB100D23017 /* FBFirestoreError.swift in Sources */,
				ABB832812A8C14A900E8C247 /* EntryTypeCollectionViewDataSourceAndDelegate.swift in Sources */,
				AB7076862A8E606300E7E4DB /* CustomAlert.swift in Sources */,
				AB7239C82A5BA08E00A0392D /* MainViewModel.swift in Sources */,
				AB7677312A6C1F0C0050149E /* DatabaseService.swift in Sources */,
				AB7677362A6C64AB0050149E /* FBConstants.swift in Sources */,
				AB7239C92A5BA08E00A0392D /* MainView.swift in Sources */,
				AB8E9B862A89172400A99C3A /* GoalsView.swift in Sources */,
				AB90AA1D2A806FB3003F94D7 /* UIImage.Configuration+Helpers.swift in Sources */,
				ABA946602A7333F7002A96D3 /* EntriesViewTableViewDataSource.swift in Sources */,
				AB16178A2A98F05E001CDC53 /* VideoPlayerMediaButtonType.swift in Sources */,
				AB90AA192A803CCA003F94D7 /* FontConstants.swift in Sources */,
				ABB348462A6ACE8E0050A9AC /* AddEditTextEntryViewState.swift in Sources */,
				AB1E02942A69E14B006F42F8 /* ViewState.swift in Sources */,
				ABB24E3B2A66C067001A76E0 /* AuthService.swift in Sources */,
				AB1BB0CE2A94E02F0051EB66 /* CreateVideoEntryView.swift in Sources */,
				ABB3483C2A6AC3350050A9AC /* EntriesViewState.swift in Sources */,
				AB1BB0D42A94E19F0051EB66 /* CreateVideoEntryViewModel.swift in Sources */,
				ABB348442A6ACE700050A9AC /* AddEditTextEntryViewModel.swift in Sources */,
				AB56A4632A979BB000DA2875 /* VideoPlayerView.swift in Sources */,
			);
			runOnlyForDeploymentPostprocessing = 0;
		};
		AB948B652A6D7EAC00430E61 /* Sources */ = {
			isa = PBXSourcesBuildPhase;
			buildActionMask = 2147483647;
			files = (
				AB1AC7AB2A707D6A00FE7A7E /* SignUpViewModelUnitTests.swift in Sources */,
				AB8E9B882A89279E00A99C3A /* GoalsViewModelUnitTests.swift in Sources */,
				AB8760BD2A740955009D3D39 /* EntriesViewModelUnitTests.swift in Sources */,
				AB16178E2A98F8AE001CDC53 /* CreateVideoEntryViewModelUnitTests.swift in Sources */,
				AB948B822A6D7EE700430E61 /* TestError.swift in Sources */,
				AB948B812A6D7EE400430E61 /* MockDatabaseService.swift in Sources */,
				AB948B802A6D7EE100430E61 /* AddEditTextEntryViewModelUnitTests.swift in Sources */,
				ABF8FD612A72B5230065B8D9 /* LoginViewModelUnitTests.swift in Sources */,
				ABAA249C2AAFC4C000C82367 /* MockPHPhotoLibrary.swift in Sources */,
				AB948B832A6D7EEB00430E61 /* TestData.swift in Sources */,
				AB16178C2A98F7A2001CDC53 /* UploadVideoEntryViewModelUnitTests.swift in Sources */,
				ABF8FD5F2A72ABE40065B8D9 /* HomeViewModelUnitTests.swift in Sources */,
				AB1AC7B02A70837900FE7A7E /* MockAuthService.swift in Sources */,
			);
			runOnlyForDeploymentPostprocessing = 0;
		};
/* End PBXSourcesBuildPhase section */

/* Begin PBXTargetDependency section */
		AB948B6E2A6D7EAC00430E61 /* PBXTargetDependency */ = {
			isa = PBXTargetDependency;
			target = AB181C442A5B1B7500560299 /* JournalBuddy */;
			targetProxy = AB948B6D2A6D7EAC00430E61 /* PBXContainerItemProxy */;
		};
/* End PBXTargetDependency section */

/* Begin PBXVariantGroup section */
		AB181C532A5B1B7800560299 /* LaunchScreen.storyboard */ = {
			isa = PBXVariantGroup;
			children = (
				AB181C542A5B1B7800560299 /* Base */,
			);
			name = LaunchScreen.storyboard;
			sourceTree = "<group>";
		};
/* End PBXVariantGroup section */

/* Begin XCBuildConfiguration section */
		AB181C572A5B1B7800560299 /* Debug */ = {
			isa = XCBuildConfiguration;
			buildSettings = {
				ALWAYS_SEARCH_USER_PATHS = NO;
				ASSETCATALOG_COMPILER_GENERATE_SWIFT_ASSET_SYMBOL_EXTENSIONS = YES;
				CLANG_ANALYZER_NONNULL = YES;
				CLANG_ANALYZER_NUMBER_OBJECT_CONVERSION = YES_AGGRESSIVE;
				CLANG_CXX_LANGUAGE_STANDARD = "gnu++20";
				CLANG_ENABLE_MODULES = YES;
				CLANG_ENABLE_OBJC_ARC = YES;
				CLANG_ENABLE_OBJC_WEAK = YES;
				CLANG_WARN_BLOCK_CAPTURE_AUTORELEASING = YES;
				CLANG_WARN_BOOL_CONVERSION = YES;
				CLANG_WARN_COMMA = YES;
				CLANG_WARN_CONSTANT_CONVERSION = YES;
				CLANG_WARN_DEPRECATED_OBJC_IMPLEMENTATIONS = YES;
				CLANG_WARN_DIRECT_OBJC_ISA_USAGE = YES_ERROR;
				CLANG_WARN_DOCUMENTATION_COMMENTS = YES;
				CLANG_WARN_EMPTY_BODY = YES;
				CLANG_WARN_ENUM_CONVERSION = YES;
				CLANG_WARN_INFINITE_RECURSION = YES;
				CLANG_WARN_INT_CONVERSION = YES;
				CLANG_WARN_NON_LITERAL_NULL_CONVERSION = YES;
				CLANG_WARN_OBJC_IMPLICIT_RETAIN_SELF = YES;
				CLANG_WARN_OBJC_LITERAL_CONVERSION = YES;
				CLANG_WARN_OBJC_ROOT_CLASS = YES_ERROR;
				CLANG_WARN_QUOTED_INCLUDE_IN_FRAMEWORK_HEADER = YES;
				CLANG_WARN_RANGE_LOOP_ANALYSIS = YES;
				CLANG_WARN_STRICT_PROTOTYPES = YES;
				CLANG_WARN_SUSPICIOUS_MOVE = YES;
				CLANG_WARN_UNGUARDED_AVAILABILITY = YES_AGGRESSIVE;
				CLANG_WARN_UNREACHABLE_CODE = YES;
				CLANG_WARN__DUPLICATE_METHOD_MATCH = YES;
				COPY_PHASE_STRIP = NO;
				DEBUG_INFORMATION_FORMAT = dwarf;
				ENABLE_STRICT_OBJC_MSGSEND = YES;
				ENABLE_TESTABILITY = YES;
				ENABLE_USER_SCRIPT_SANDBOXING = YES;
				GCC_C_LANGUAGE_STANDARD = gnu17;
				GCC_DYNAMIC_NO_PIC = NO;
				GCC_NO_COMMON_BLOCKS = YES;
				GCC_OPTIMIZATION_LEVEL = 0;
				GCC_PREPROCESSOR_DEFINITIONS = (
					"DEBUG=1",
					"$(inherited)",
				);
				GCC_WARN_64_TO_32_BIT_CONVERSION = YES;
				GCC_WARN_ABOUT_RETURN_TYPE = YES_ERROR;
				GCC_WARN_UNDECLARED_SELECTOR = YES;
				GCC_WARN_UNINITIALIZED_AUTOS = YES_AGGRESSIVE;
				GCC_WARN_UNUSED_FUNCTION = YES;
				GCC_WARN_UNUSED_VARIABLE = YES;
				IPHONEOS_DEPLOYMENT_TARGET = 16.0;
				LOCALIZATION_PREFERS_STRING_CATALOGS = YES;
				MTL_ENABLE_DEBUG_INFO = INCLUDE_SOURCE;
				MTL_FAST_MATH = YES;
				ONLY_ACTIVE_ARCH = YES;
				SDKROOT = iphoneos;
				SWIFT_ACTIVE_COMPILATION_CONDITIONS = "DEBUG $(inherited)";
				SWIFT_OPTIMIZATION_LEVEL = "-Onone";
			};
			name = Debug;
		};
		AB181C582A5B1B7800560299 /* Release */ = {
			isa = XCBuildConfiguration;
			buildSettings = {
				ALWAYS_SEARCH_USER_PATHS = NO;
				ASSETCATALOG_COMPILER_GENERATE_SWIFT_ASSET_SYMBOL_EXTENSIONS = YES;
				CLANG_ANALYZER_NONNULL = YES;
				CLANG_ANALYZER_NUMBER_OBJECT_CONVERSION = YES_AGGRESSIVE;
				CLANG_CXX_LANGUAGE_STANDARD = "gnu++20";
				CLANG_ENABLE_MODULES = YES;
				CLANG_ENABLE_OBJC_ARC = YES;
				CLANG_ENABLE_OBJC_WEAK = YES;
				CLANG_WARN_BLOCK_CAPTURE_AUTORELEASING = YES;
				CLANG_WARN_BOOL_CONVERSION = YES;
				CLANG_WARN_COMMA = YES;
				CLANG_WARN_CONSTANT_CONVERSION = YES;
				CLANG_WARN_DEPRECATED_OBJC_IMPLEMENTATIONS = YES;
				CLANG_WARN_DIRECT_OBJC_ISA_USAGE = YES_ERROR;
				CLANG_WARN_DOCUMENTATION_COMMENTS = YES;
				CLANG_WARN_EMPTY_BODY = YES;
				CLANG_WARN_ENUM_CONVERSION = YES;
				CLANG_WARN_INFINITE_RECURSION = YES;
				CLANG_WARN_INT_CONVERSION = YES;
				CLANG_WARN_NON_LITERAL_NULL_CONVERSION = YES;
				CLANG_WARN_OBJC_IMPLICIT_RETAIN_SELF = YES;
				CLANG_WARN_OBJC_LITERAL_CONVERSION = YES;
				CLANG_WARN_OBJC_ROOT_CLASS = YES_ERROR;
				CLANG_WARN_QUOTED_INCLUDE_IN_FRAMEWORK_HEADER = YES;
				CLANG_WARN_RANGE_LOOP_ANALYSIS = YES;
				CLANG_WARN_STRICT_PROTOTYPES = YES;
				CLANG_WARN_SUSPICIOUS_MOVE = YES;
				CLANG_WARN_UNGUARDED_AVAILABILITY = YES_AGGRESSIVE;
				CLANG_WARN_UNREACHABLE_CODE = YES;
				CLANG_WARN__DUPLICATE_METHOD_MATCH = YES;
				COPY_PHASE_STRIP = NO;
				DEBUG_INFORMATION_FORMAT = "dwarf-with-dsym";
				ENABLE_NS_ASSERTIONS = NO;
				ENABLE_STRICT_OBJC_MSGSEND = YES;
				ENABLE_USER_SCRIPT_SANDBOXING = YES;
				GCC_C_LANGUAGE_STANDARD = gnu17;
				GCC_NO_COMMON_BLOCKS = YES;
				GCC_WARN_64_TO_32_BIT_CONVERSION = YES;
				GCC_WARN_ABOUT_RETURN_TYPE = YES_ERROR;
				GCC_WARN_UNDECLARED_SELECTOR = YES;
				GCC_WARN_UNINITIALIZED_AUTOS = YES_AGGRESSIVE;
				GCC_WARN_UNUSED_FUNCTION = YES;
				GCC_WARN_UNUSED_VARIABLE = YES;
				IPHONEOS_DEPLOYMENT_TARGET = 16.0;
				LOCALIZATION_PREFERS_STRING_CATALOGS = YES;
				MTL_ENABLE_DEBUG_INFO = NO;
				MTL_FAST_MATH = YES;
				SDKROOT = iphoneos;
				SWIFT_COMPILATION_MODE = wholemodule;
				VALIDATE_PRODUCT = YES;
			};
			name = Release;
		};
		AB181C5A2A5B1B7800560299 /* Debug */ = {
			isa = XCBuildConfiguration;
			buildSettings = {
				ASSETCATALOG_COMPILER_APPICON_NAME = AppIcon;
				ASSETCATALOG_COMPILER_GLOBAL_ACCENT_COLOR_NAME = AccentColor;
				CODE_SIGN_STYLE = Automatic;
				CURRENT_PROJECT_VERSION = 1;
				DEVELOPMENT_TEAM = 9LT5ZRK64X;
				GENERATE_INFOPLIST_FILE = YES;
				INFOPLIST_FILE = JournalBuddy/Info.plist;
				INFOPLIST_KEY_UIApplicationSupportsIndirectInputEvents = YES;
				INFOPLIST_KEY_UILaunchStoryboardName = LaunchScreen;
				INFOPLIST_KEY_UIStatusBarStyle = "";
				INFOPLIST_KEY_UISupportedInterfaceOrientations = UIInterfaceOrientationPortrait;
				INFOPLIST_KEY_UISupportedInterfaceOrientations_iPad = "UIInterfaceOrientationLandscapeLeft UIInterfaceOrientationLandscapeRight UIInterfaceOrientationPortrait UIInterfaceOrientationPortraitUpsideDown";
				IPHONEOS_DEPLOYMENT_TARGET = 16.0;
				LD_RUNPATH_SEARCH_PATHS = (
					"$(inherited)",
					"@executable_path/Frameworks",
				);
				MARKETING_VERSION = 1.0;
				PRODUCT_BUNDLE_IDENTIFIER = com.julianmichaeltechnologies.JournalBuddy;
				PRODUCT_NAME = "$(TARGET_NAME)";
				SUPPORTED_PLATFORMS = "iphoneos iphonesimulator";
				SUPPORTS_MACCATALYST = NO;
				SUPPORTS_MAC_DESIGNED_FOR_IPHONE_IPAD = NO;
				SUPPORTS_XR_DESIGNED_FOR_IPHONE_IPAD = NO;
				SWIFT_EMIT_LOC_STRINGS = YES;
				SWIFT_VERSION = 5.0;
				TARGETED_DEVICE_FAMILY = 1;
			};
			name = Debug;
		};
		AB181C5B2A5B1B7800560299 /* Release */ = {
			isa = XCBuildConfiguration;
			buildSettings = {
				ASSETCATALOG_COMPILER_APPICON_NAME = AppIcon;
				ASSETCATALOG_COMPILER_GLOBAL_ACCENT_COLOR_NAME = AccentColor;
				CODE_SIGN_STYLE = Automatic;
				CURRENT_PROJECT_VERSION = 1;
				DEVELOPMENT_TEAM = 9LT5ZRK64X;
				GENERATE_INFOPLIST_FILE = YES;
				INFOPLIST_FILE = JournalBuddy/Info.plist;
				INFOPLIST_KEY_UIApplicationSupportsIndirectInputEvents = YES;
				INFOPLIST_KEY_UILaunchStoryboardName = LaunchScreen;
				INFOPLIST_KEY_UIStatusBarStyle = "";
				INFOPLIST_KEY_UISupportedInterfaceOrientations = UIInterfaceOrientationPortrait;
				INFOPLIST_KEY_UISupportedInterfaceOrientations_iPad = "UIInterfaceOrientationLandscapeLeft UIInterfaceOrientationLandscapeRight UIInterfaceOrientationPortrait UIInterfaceOrientationPortraitUpsideDown";
				IPHONEOS_DEPLOYMENT_TARGET = 16.0;
				LD_RUNPATH_SEARCH_PATHS = (
					"$(inherited)",
					"@executable_path/Frameworks",
				);
				MARKETING_VERSION = 1.0;
				PRODUCT_BUNDLE_IDENTIFIER = com.julianmichaeltechnologies.JournalBuddy;
				PRODUCT_NAME = "$(TARGET_NAME)";
				SUPPORTED_PLATFORMS = "iphoneos iphonesimulator";
				SUPPORTS_MACCATALYST = NO;
				SUPPORTS_MAC_DESIGNED_FOR_IPHONE_IPAD = NO;
				SUPPORTS_XR_DESIGNED_FOR_IPHONE_IPAD = NO;
				SWIFT_EMIT_LOC_STRINGS = YES;
				SWIFT_VERSION = 5.0;
				TARGETED_DEVICE_FAMILY = 1;
			};
			name = Release;
		};
		AB948B702A6D7EAC00430E61 /* Debug */ = {
			isa = XCBuildConfiguration;
			buildSettings = {
				BUNDLE_LOADER = "$(TEST_HOST)";
				CODE_SIGN_STYLE = Automatic;
				CURRENT_PROJECT_VERSION = 1;
				DEVELOPMENT_TEAM = 9LT5ZRK64X;
				GCC_C_LANGUAGE_STANDARD = gnu11;
				GENERATE_INFOPLIST_FILE = YES;
				IPHONEOS_DEPLOYMENT_TARGET = 16.0;
				MARKETING_VERSION = 1.0;
				PRODUCT_BUNDLE_IDENTIFIER = com.julianmichaeltechnologies.JournalBuddyUnitTests;
				PRODUCT_NAME = "$(TARGET_NAME)";
				SUPPORTED_PLATFORMS = "iphoneos iphonesimulator";
				SUPPORTS_MACCATALYST = NO;
				SUPPORTS_MAC_DESIGNED_FOR_IPHONE_IPAD = NO;
				SUPPORTS_XR_DESIGNED_FOR_IPHONE_IPAD = NO;
				SWIFT_ACTIVE_COMPILATION_CONDITIONS = DEBUG;
				SWIFT_EMIT_LOC_STRINGS = NO;
				SWIFT_VERSION = 5.0;
				TARGETED_DEVICE_FAMILY = 1;
				TEST_HOST = "$(BUILT_PRODUCTS_DIR)/JournalBuddy.app/$(BUNDLE_EXECUTABLE_FOLDER_PATH)/JournalBuddy";
			};
			name = Debug;
		};
		AB948B712A6D7EAC00430E61 /* Release */ = {
			isa = XCBuildConfiguration;
			buildSettings = {
				BUNDLE_LOADER = "$(TEST_HOST)";
				CODE_SIGN_STYLE = Automatic;
				CURRENT_PROJECT_VERSION = 1;
				DEVELOPMENT_TEAM = 9LT5ZRK64X;
				GCC_C_LANGUAGE_STANDARD = gnu11;
				GENERATE_INFOPLIST_FILE = YES;
				IPHONEOS_DEPLOYMENT_TARGET = 16.0;
				MARKETING_VERSION = 1.0;
				PRODUCT_BUNDLE_IDENTIFIER = com.julianmichaeltechnologies.JournalBuddyUnitTests;
				PRODUCT_NAME = "$(TARGET_NAME)";
				SUPPORTED_PLATFORMS = "iphoneos iphonesimulator";
				SUPPORTS_MACCATALYST = NO;
				SUPPORTS_MAC_DESIGNED_FOR_IPHONE_IPAD = NO;
				SUPPORTS_XR_DESIGNED_FOR_IPHONE_IPAD = NO;
				SWIFT_EMIT_LOC_STRINGS = NO;
				SWIFT_OPTIMIZATION_LEVEL = "-O";
				SWIFT_VERSION = 5.0;
				TARGETED_DEVICE_FAMILY = 1;
				TEST_HOST = "$(BUILT_PRODUCTS_DIR)/JournalBuddy.app/$(BUNDLE_EXECUTABLE_FOLDER_PATH)/JournalBuddy";
			};
			name = Release;
		};
/* End XCBuildConfiguration section */

/* Begin XCConfigurationList section */
		AB181C402A5B1B7500560299 /* Build configuration list for PBXProject "JournalBuddy" */ = {
			isa = XCConfigurationList;
			buildConfigurations = (
				AB181C572A5B1B7800560299 /* Debug */,
				AB181C582A5B1B7800560299 /* Release */,
			);
			defaultConfigurationIsVisible = 0;
			defaultConfigurationName = Release;
		};
		AB181C592A5B1B7800560299 /* Build configuration list for PBXNativeTarget "JournalBuddy" */ = {
			isa = XCConfigurationList;
			buildConfigurations = (
				AB181C5A2A5B1B7800560299 /* Debug */,
				AB181C5B2A5B1B7800560299 /* Release */,
			);
			defaultConfigurationIsVisible = 0;
			defaultConfigurationName = Release;
		};
		AB948B6F2A6D7EAC00430E61 /* Build configuration list for PBXNativeTarget "JournalBuddyUnitTests" */ = {
			isa = XCConfigurationList;
			buildConfigurations = (
				AB948B702A6D7EAC00430E61 /* Debug */,
				AB948B712A6D7EAC00430E61 /* Release */,
			);
			defaultConfigurationIsVisible = 0;
			defaultConfigurationName = Release;
		};
/* End XCConfigurationList section */

/* Begin XCRemoteSwiftPackageReference section */
		AB5BE2942A64662500803E16 /* XCRemoteSwiftPackageReference "firebase-ios-sdk" */ = {
			isa = XCRemoteSwiftPackageReference;
			repositoryURL = "https://github.com/firebase/firebase-ios-sdk";
			requirement = {
				kind = upToNextMajorVersion;
				minimumVersion = 10.0.0;
			};
		};
		AB7239C22A5BA03E00A0392D /* XCRemoteSwiftPackageReference "SwiftPlus" */ = {
			isa = XCRemoteSwiftPackageReference;
			repositoryURL = "https://github.com/julianworden/SwiftPlus";
			requirement = {
				kind = upToNextMajorVersion;
				minimumVersion = 1.0.0;
			};
		};
/* End XCRemoteSwiftPackageReference section */

/* Begin XCSwiftPackageProductDependency section */
		AB5BE2952A64662500803E16 /* FirebaseAnalytics */ = {
			isa = XCSwiftPackageProductDependency;
			package = AB5BE2942A64662500803E16 /* XCRemoteSwiftPackageReference "firebase-ios-sdk" */;
			productName = FirebaseAnalytics;
		};
		AB5BE2972A64662500803E16 /* FirebaseAnalyticsSwift */ = {
			isa = XCSwiftPackageProductDependency;
			package = AB5BE2942A64662500803E16 /* XCRemoteSwiftPackageReference "firebase-ios-sdk" */;
			productName = FirebaseAnalyticsSwift;
		};
		AB5BE2992A64662500803E16 /* FirebaseAuth */ = {
			isa = XCSwiftPackageProductDependency;
			package = AB5BE2942A64662500803E16 /* XCRemoteSwiftPackageReference "firebase-ios-sdk" */;
			productName = FirebaseAuth;
		};
		AB5BE29B2A64662500803E16 /* FirebaseFirestore */ = {
			isa = XCSwiftPackageProductDependency;
			package = AB5BE2942A64662500803E16 /* XCRemoteSwiftPackageReference "firebase-ios-sdk" */;
			productName = FirebaseFirestore;
		};
		AB5BE29D2A64662500803E16 /* FirebaseFirestoreSwift */ = {
			isa = XCSwiftPackageProductDependency;
			package = AB5BE2942A64662500803E16 /* XCRemoteSwiftPackageReference "firebase-ios-sdk" */;
			productName = FirebaseFirestoreSwift;
		};
		AB5BE29F2A64662500803E16 /* FirebaseStorage */ = {
			isa = XCSwiftPackageProductDependency;
			package = AB5BE2942A64662500803E16 /* XCRemoteSwiftPackageReference "firebase-ios-sdk" */;
			productName = FirebaseStorage;
		};
		AB7239C32A5BA03E00A0392D /* SwiftPlus */ = {
			isa = XCSwiftPackageProductDependency;
			package = AB7239C22A5BA03E00A0392D /* XCRemoteSwiftPackageReference "SwiftPlus" */;
			productName = SwiftPlus;
		};
/* End XCSwiftPackageProductDependency section */
	};
	rootObject = AB181C3D2A5B1B7500560299 /* Project object */;
}
