// !$*UTF8*$!
{
	archiveVersion = 1;
	classes = {
	};
	objectVersion = 56;
	objects = {

/* Begin PBXBuildFile section */
		AB17ECA12A60A3DD00ADED40 /* HomeSquareButton.swift in Sources */ = {isa = PBXBuildFile; fileRef = AB17ECA02A60A3DD00ADED40 /* HomeSquareButton.swift */; };
		AB181C492A5B1B7500560299 /* AppDelegate.swift in Sources */ = {isa = PBXBuildFile; fileRef = AB181C482A5B1B7500560299 /* AppDelegate.swift */; };
		AB181C4B2A5B1B7500560299 /* SceneDelegate.swift in Sources */ = {isa = PBXBuildFile; fileRef = AB181C4A2A5B1B7500560299 /* SceneDelegate.swift */; };
		AB181C4D2A5B1B7500560299 /* HomeViewController.swift in Sources */ = {isa = PBXBuildFile; fileRef = AB181C4C2A5B1B7500560299 /* HomeViewController.swift */; };
		AB181C522A5B1B7800560299 /* Assets.xcassets in Resources */ = {isa = PBXBuildFile; fileRef = AB181C512A5B1B7800560299 /* Assets.xcassets */; };
		AB181C552A5B1B7800560299 /* LaunchScreen.storyboard in Resources */ = {isa = PBXBuildFile; fileRef = AB181C532A5B1B7800560299 /* LaunchScreen.storyboard */; };
		AB181C5D2A5B25DB00560299 /* GoogleService-Info.plist in Resources */ = {isa = PBXBuildFile; fileRef = AB181C5C2A5B25DB00560299 /* GoogleService-Info.plist */; };
		AB1D33BD2A5EE10E0068939C /* HomeYourLatestEntriesCollectionViewCell.swift in Sources */ = {isa = PBXBuildFile; fileRef = AB1D33BC2A5EE10E0068939C /* HomeYourLatestEntriesCollectionViewCell.swift */; };
		AB1D33C02A5EE14E0068939C /* Entry.swift in Sources */ = {isa = PBXBuildFile; fileRef = AB1D33BF2A5EE14E0068939C /* Entry.swift */; };
		AB2988AD2A5D8B3F00303262 /* HomeViewCardBackground.swift in Sources */ = {isa = PBXBuildFile; fileRef = AB2988AC2A5D8B3F00303262 /* HomeViewCardBackground.swift */; };
		AB2988AF2A5D8FE700303262 /* HomeHowAreYouFeelingCard.swift in Sources */ = {isa = PBXBuildFile; fileRef = AB2988AE2A5D8FE600303262 /* HomeHowAreYouFeelingCard.swift */; };
		AB2988B22A5D9D6900303262 /* UIFont+Helpers.swift in Sources */ = {isa = PBXBuildFile; fileRef = AB2988B12A5D9CC600303262 /* UIFont+Helpers.swift */; };
		AB5BE2962A64662500803E16 /* FirebaseAnalytics in Frameworks */ = {isa = PBXBuildFile; productRef = AB5BE2952A64662500803E16 /* FirebaseAnalytics */; };
		AB5BE2982A64662500803E16 /* FirebaseAnalyticsSwift in Frameworks */ = {isa = PBXBuildFile; productRef = AB5BE2972A64662500803E16 /* FirebaseAnalyticsSwift */; };
		AB5BE29A2A64662500803E16 /* FirebaseAuth in Frameworks */ = {isa = PBXBuildFile; productRef = AB5BE2992A64662500803E16 /* FirebaseAuth */; };
		AB5BE29C2A64662500803E16 /* FirebaseFirestore in Frameworks */ = {isa = PBXBuildFile; productRef = AB5BE29B2A64662500803E16 /* FirebaseFirestore */; };
		AB5BE29E2A64662500803E16 /* FirebaseFirestoreSwift in Frameworks */ = {isa = PBXBuildFile; productRef = AB5BE29D2A64662500803E16 /* FirebaseFirestoreSwift */; };
		AB5BE2A02A64662500803E16 /* FirebaseStorage in Frameworks */ = {isa = PBXBuildFile; productRef = AB5BE29F2A64662500803E16 /* FirebaseStorage */; };
		AB5BE2A22A64762B00803E16 /* MainTextField.swift in Sources */ = {isa = PBXBuildFile; fileRef = AB5BE2A12A64762B00803E16 /* MainTextField.swift */; };
		AB7239C42A5BA03E00A0392D /* SwiftPlus in Frameworks */ = {isa = PBXBuildFile; productRef = AB7239C32A5BA03E00A0392D /* SwiftPlus */; };
		AB7239C82A5BA08E00A0392D /* MainViewModel.swift in Sources */ = {isa = PBXBuildFile; fileRef = AB7239C62A5BA07B00A0392D /* MainViewModel.swift */; };
		AB7239C92A5BA08E00A0392D /* MainView.swift in Sources */ = {isa = PBXBuildFile; fileRef = AB7239C72A5BA07B00A0392D /* MainView.swift */; };
		AB7239CB2A5BA0A400A0392D /* HomeViewModel.swift in Sources */ = {isa = PBXBuildFile; fileRef = AB7239CA2A5BA0A400A0392D /* HomeViewModel.swift */; };
		AB7CC9132A643C9C0054B1A4 /* UiConstants.swift in Sources */ = {isa = PBXBuildFile; fileRef = AB7CC9122A643C9C0054B1A4 /* UiConstants.swift */; };
		AB7CC9162A643D310054B1A4 /* PrimaryButton.swift in Sources */ = {isa = PBXBuildFile; fileRef = AB7CC9152A643D310054B1A4 /* PrimaryButton.swift */; };
		AB7CC9182A64463E0054B1A4 /* PasswordTextField.swift in Sources */ = {isa = PBXBuildFile; fileRef = AB7CC9172A64463E0054B1A4 /* PasswordTextField.swift */; };
		AB7CC91A2A645DC70054B1A4 /* HomeView.swift in Sources */ = {isa = PBXBuildFile; fileRef = AB7CC9192A645DC70054B1A4 /* HomeView.swift */; };
		AB7CC91C2A6460A50054B1A4 /* LoginView.swift in Sources */ = {isa = PBXBuildFile; fileRef = AB7CC91B2A6460A50054B1A4 /* LoginView.swift */; };
		ABACE7E92A603A1C00981098 /* HomeNewEntryCard.swift in Sources */ = {isa = PBXBuildFile; fileRef = ABACE7E82A603A1C00981098 /* HomeNewEntryCard.swift */; };
		ABB4B9672A635EAD00E63018 /* LoginViewController.swift in Sources */ = {isa = PBXBuildFile; fileRef = ABB4B9662A635EAD00E63018 /* LoginViewController.swift */; };
		ABB4B9692A635EBA00E63018 /* LoginViewModel.swift in Sources */ = {isa = PBXBuildFile; fileRef = ABB4B9682A635EBA00E63018 /* LoginViewModel.swift */; };
		ABC9354E2A5E04AB0094F4E0 /* HomeYourLatestEntriesCard.swift in Sources */ = {isa = PBXBuildFile; fileRef = ABC9354D2A5E04AB0094F4E0 /* HomeYourLatestEntriesCard.swift */; };
		ABEA45602A61808300F6E8EB /* HomeSquareButtonType.swift in Sources */ = {isa = PBXBuildFile; fileRef = ABEA455F2A61808300F6E8EB /* HomeSquareButtonType.swift */; };
/* End PBXBuildFile section */

/* Begin PBXFileReference section */
		AB17ECA02A60A3DD00ADED40 /* HomeSquareButton.swift */ = {isa = PBXFileReference; lastKnownFileType = sourcecode.swift; path = HomeSquareButton.swift; sourceTree = "<group>"; };
		AB181C452A5B1B7500560299 /* JournalBuddy.app */ = {isa = PBXFileReference; explicitFileType = wrapper.application; includeInIndex = 0; path = JournalBuddy.app; sourceTree = BUILT_PRODUCTS_DIR; };
		AB181C482A5B1B7500560299 /* AppDelegate.swift */ = {isa = PBXFileReference; lastKnownFileType = sourcecode.swift; path = AppDelegate.swift; sourceTree = "<group>"; };
		AB181C4A2A5B1B7500560299 /* SceneDelegate.swift */ = {isa = PBXFileReference; lastKnownFileType = sourcecode.swift; path = SceneDelegate.swift; sourceTree = "<group>"; };
		AB181C4C2A5B1B7500560299 /* HomeViewController.swift */ = {isa = PBXFileReference; lastKnownFileType = sourcecode.swift; path = HomeViewController.swift; sourceTree = "<group>"; };
		AB181C512A5B1B7800560299 /* Assets.xcassets */ = {isa = PBXFileReference; lastKnownFileType = folder.assetcatalog; path = Assets.xcassets; sourceTree = "<group>"; };
		AB181C542A5B1B7800560299 /* Base */ = {isa = PBXFileReference; lastKnownFileType = file.storyboard; name = Base; path = Base.lproj/LaunchScreen.storyboard; sourceTree = "<group>"; };
		AB181C562A5B1B7800560299 /* Info.plist */ = {isa = PBXFileReference; lastKnownFileType = text.plist.xml; path = Info.plist; sourceTree = "<group>"; };
		AB181C5C2A5B25DB00560299 /* GoogleService-Info.plist */ = {isa = PBXFileReference; fileEncoding = 4; lastKnownFileType = text.plist.xml; path = "GoogleService-Info.plist"; sourceTree = "<group>"; };
		AB1D33BC2A5EE10E0068939C /* HomeYourLatestEntriesCollectionViewCell.swift */ = {isa = PBXFileReference; lastKnownFileType = sourcecode.swift; path = HomeYourLatestEntriesCollectionViewCell.swift; sourceTree = "<group>"; };
		AB1D33BF2A5EE14E0068939C /* Entry.swift */ = {isa = PBXFileReference; lastKnownFileType = sourcecode.swift; path = Entry.swift; sourceTree = "<group>"; };
		AB2988AC2A5D8B3F00303262 /* HomeViewCardBackground.swift */ = {isa = PBXFileReference; lastKnownFileType = sourcecode.swift; path = HomeViewCardBackground.swift; sourceTree = "<group>"; };
		AB2988AE2A5D8FE600303262 /* HomeHowAreYouFeelingCard.swift */ = {isa = PBXFileReference; lastKnownFileType = sourcecode.swift; path = HomeHowAreYouFeelingCard.swift; sourceTree = "<group>"; };
		AB2988B12A5D9CC600303262 /* UIFont+Helpers.swift */ = {isa = PBXFileReference; lastKnownFileType = sourcecode.swift; path = "UIFont+Helpers.swift"; sourceTree = "<group>"; };
		AB5BE2A12A64762B00803E16 /* MainTextField.swift */ = {isa = PBXFileReference; lastKnownFileType = sourcecode.swift; path = MainTextField.swift; sourceTree = "<group>"; };
		AB7239C62A5BA07B00A0392D /* MainViewModel.swift */ = {isa = PBXFileReference; lastKnownFileType = sourcecode.swift; path = MainViewModel.swift; sourceTree = "<group>"; };
		AB7239C72A5BA07B00A0392D /* MainView.swift */ = {isa = PBXFileReference; lastKnownFileType = sourcecode.swift; path = MainView.swift; sourceTree = "<group>"; };
		AB7239CA2A5BA0A400A0392D /* HomeViewModel.swift */ = {isa = PBXFileReference; lastKnownFileType = sourcecode.swift; path = HomeViewModel.swift; sourceTree = "<group>"; };
		AB7CC9122A643C9C0054B1A4 /* UiConstants.swift */ = {isa = PBXFileReference; lastKnownFileType = sourcecode.swift; path = UiConstants.swift; sourceTree = "<group>"; };
		AB7CC9152A643D310054B1A4 /* PrimaryButton.swift */ = {isa = PBXFileReference; lastKnownFileType = sourcecode.swift; path = PrimaryButton.swift; sourceTree = "<group>"; };
		AB7CC9172A64463E0054B1A4 /* PasswordTextField.swift */ = {isa = PBXFileReference; lastKnownFileType = sourcecode.swift; path = PasswordTextField.swift; sourceTree = "<group>"; };
		AB7CC9192A645DC70054B1A4 /* HomeView.swift */ = {isa = PBXFileReference; lastKnownFileType = sourcecode.swift; path = HomeView.swift; sourceTree = "<group>"; };
		AB7CC91B2A6460A50054B1A4 /* LoginView.swift */ = {isa = PBXFileReference; lastKnownFileType = sourcecode.swift; path = LoginView.swift; sourceTree = "<group>"; };
		ABACE7E82A603A1C00981098 /* HomeNewEntryCard.swift */ = {isa = PBXFileReference; lastKnownFileType = sourcecode.swift; path = HomeNewEntryCard.swift; sourceTree = "<group>"; };
		ABB4B9662A635EAD00E63018 /* LoginViewController.swift */ = {isa = PBXFileReference; lastKnownFileType = sourcecode.swift; path = LoginViewController.swift; sourceTree = "<group>"; };
		ABB4B9682A635EBA00E63018 /* LoginViewModel.swift */ = {isa = PBXFileReference; lastKnownFileType = sourcecode.swift; path = LoginViewModel.swift; sourceTree = "<group>"; };
		ABC9354D2A5E04AB0094F4E0 /* HomeYourLatestEntriesCard.swift */ = {isa = PBXFileReference; lastKnownFileType = sourcecode.swift; path = HomeYourLatestEntriesCard.swift; sourceTree = "<group>"; };
		ABEA455F2A61808300F6E8EB /* HomeSquareButtonType.swift */ = {isa = PBXFileReference; lastKnownFileType = sourcecode.swift; path = HomeSquareButtonType.swift; sourceTree = "<group>"; };
/* End PBXFileReference section */

/* Begin PBXFrameworksBuildPhase section */
		AB181C422A5B1B7500560299 /* Frameworks */ = {
			isa = PBXFrameworksBuildPhase;
			buildActionMask = 2147483647;
			files = (
				AB5BE2982A64662500803E16 /* FirebaseAnalyticsSwift in Frameworks */,
				AB5BE2962A64662500803E16 /* FirebaseAnalytics in Frameworks */,
				AB7239C42A5BA03E00A0392D /* SwiftPlus in Frameworks */,
				AB5BE29C2A64662500803E16 /* FirebaseFirestore in Frameworks */,
				AB5BE2A02A64662500803E16 /* FirebaseStorage in Frameworks */,
				AB5BE29A2A64662500803E16 /* FirebaseAuth in Frameworks */,
				AB5BE29E2A64662500803E16 /* FirebaseFirestoreSwift in Frameworks */,
			);
			runOnlyForDeploymentPostprocessing = 0;
		};
/* End PBXFrameworksBuildPhase section */

/* Begin PBXGroup section */
		AB181C3C2A5B1B7500560299 = {
			isa = PBXGroup;
			children = (
				AB181C472A5B1B7500560299 /* JournalBuddy */,
				AB181C462A5B1B7500560299 /* Products */,
			);
			sourceTree = "<group>";
		};
		AB181C462A5B1B7500560299 /* Products */ = {
			isa = PBXGroup;
			children = (
				AB181C452A5B1B7500560299 /* JournalBuddy.app */,
			);
			name = Products;
			sourceTree = "<group>";
		};
		AB181C472A5B1B7500560299 /* JournalBuddy */ = {
			isa = PBXGroup;
			children = (
				AB181C482A5B1B7500560299 /* AppDelegate.swift */,
				AB181C4A2A5B1B7500560299 /* SceneDelegate.swift */,
				AB1D33BE2A5EE1480068939C /* Model */,
				ABC9354B2A5E01CA0094F4E0 /* Views & ViewModels */,
				AB2988B02A5D9CA700303262 /* Extensions */,
				AB7239C52A5BA07500A0392D /* Protocols */,
				AB7CC9112A643C8E0054B1A4 /* Utilities */,
				AB181C5C2A5B25DB00560299 /* GoogleService-Info.plist */,
				AB181C512A5B1B7800560299 /* Assets.xcassets */,
				AB181C532A5B1B7800560299 /* LaunchScreen.storyboard */,
				AB181C562A5B1B7800560299 /* Info.plist */,
			);
			path = JournalBuddy;
			sourceTree = "<group>";
		};
		AB1D33BA2A5EE0BB0068939C /* HowAreYouFeeling */ = {
			isa = PBXGroup;
			children = (
				AB2988AE2A5D8FE600303262 /* HomeHowAreYouFeelingCard.swift */,
			);
			path = HowAreYouFeeling;
			sourceTree = "<group>";
		};
		AB1D33BB2A5EE0C60068939C /* YourLatestEntries */ = {
			isa = PBXGroup;
			children = (
				ABC9354D2A5E04AB0094F4E0 /* HomeYourLatestEntriesCard.swift */,
				AB1D33BC2A5EE10E0068939C /* HomeYourLatestEntriesCollectionViewCell.swift */,
			);
			path = YourLatestEntries;
			sourceTree = "<group>";
		};
		AB1D33BE2A5EE1480068939C /* Model */ = {
			isa = PBXGroup;
			children = (
				AB1D33BF2A5EE14E0068939C /* Entry.swift */,
				ABEA455F2A61808300F6E8EB /* HomeSquareButtonType.swift */,
			);
			path = Model;
			sourceTree = "<group>";
		};
		AB2988B02A5D9CA700303262 /* Extensions */ = {
			isa = PBXGroup;
			children = (
				AB2988B12A5D9CC600303262 /* UIFont+Helpers.swift */,
			);
			path = Extensions;
			sourceTree = "<group>";
		};
		AB7239C52A5BA07500A0392D /* Protocols */ = {
			isa = PBXGroup;
			children = (
				AB7239C72A5BA07B00A0392D /* MainView.swift */,
				AB7239C62A5BA07B00A0392D /* MainViewModel.swift */,
				ABFEF2772A6584BC004C40A8 /* Coordinators */,
			);
			path = Protocols;
			sourceTree = "<group>";
		};
		AB7CC9112A643C8E0054B1A4 /* Utilities */ = {
			isa = PBXGroup;
			children = (
				AB7CC9122A643C9C0054B1A4 /* UiConstants.swift */,
			);
			path = Utilities;
			sourceTree = "<group>";
		};
		AB7CC9142A643D1B0054B1A4 /* Miscellaneous */ = {
			isa = PBXGroup;
			children = (
				AB7CC9152A643D310054B1A4 /* PrimaryButton.swift */,
				AB5BE2A12A64762B00803E16 /* MainTextField.swift */,
				AB7CC9172A64463E0054B1A4 /* PasswordTextField.swift */,
			);
			path = Miscellaneous;
			sourceTree = "<group>";
		};
		ABACE7E42A6039C000981098 /* NewEntry */ = {
			isa = PBXGroup;
			children = (
				ABACE7E82A603A1C00981098 /* HomeNewEntryCard.swift */,
				AB17ECA02A60A3DD00ADED40 /* HomeSquareButton.swift */,
			);
			path = NewEntry;
			sourceTree = "<group>";
		};
		ABB4B9652A635E9D00E63018 /* Login */ = {
			isa = PBXGroup;
			children = (
				ABB4B9662A635EAD00E63018 /* LoginViewController.swift */,
				AB7CC91B2A6460A50054B1A4 /* LoginView.swift */,
				ABB4B9682A635EBA00E63018 /* LoginViewModel.swift */,
			);
			path = Login;
			sourceTree = "<group>";
		};
		ABC9354B2A5E01CA0094F4E0 /* Views & ViewModels */ = {
			isa = PBXGroup;
			children = (
				ABB4B9652A635E9D00E63018 /* Login */,
				ABC9354C2A5E01DA0094F4E0 /* Home */,
				AB7CC9142A643D1B0054B1A4 /* Miscellaneous */,
			);
			path = "Views & ViewModels";
			sourceTree = "<group>";
		};
		ABC9354C2A5E01DA0094F4E0 /* Home */ = {
			isa = PBXGroup;
			children = (
				AB181C4C2A5B1B7500560299 /* HomeViewController.swift */,
				AB7CC9192A645DC70054B1A4 /* HomeView.swift */,
				AB2988AC2A5D8B3F00303262 /* HomeViewCardBackground.swift */,
				AB7239CA2A5BA0A400A0392D /* HomeViewModel.swift */,
				AB1D33BA2A5EE0BB0068939C /* HowAreYouFeeling */,
				AB1D33BB2A5EE0C60068939C /* YourLatestEntries */,
				ABACE7E42A6039C000981098 /* NewEntry */,
			);
			path = Home;
			sourceTree = "<group>";
		};
		ABFEF2772A6584BC004C40A8 /* Coordinators */ = {
			isa = PBXGroup;
			children = (
			);
			path = Coordinators;
			sourceTree = "<group>";
		};
/* End PBXGroup section */

/* Begin PBXNativeTarget section */
		AB181C442A5B1B7500560299 /* JournalBuddy */ = {
			isa = PBXNativeTarget;
			buildConfigurationList = AB181C592A5B1B7800560299 /* Build configuration list for PBXNativeTarget "JournalBuddy" */;
			buildPhases = (
				AB181C412A5B1B7500560299 /* Sources */,
				AB181C422A5B1B7500560299 /* Frameworks */,
				AB181C432A5B1B7500560299 /* Resources */,
			);
			buildRules = (
			);
			dependencies = (
			);
			name = JournalBuddy;
			packageProductDependencies = (
				AB7239C32A5BA03E00A0392D /* SwiftPlus */,
				AB5BE2952A64662500803E16 /* FirebaseAnalytics */,
				AB5BE2972A64662500803E16 /* FirebaseAnalyticsSwift */,
				AB5BE2992A64662500803E16 /* FirebaseAuth */,
				AB5BE29B2A64662500803E16 /* FirebaseFirestore */,
				AB5BE29D2A64662500803E16 /* FirebaseFirestoreSwift */,
				AB5BE29F2A64662500803E16 /* FirebaseStorage */,
			);
			productName = JournalBuddy;
			productReference = AB181C452A5B1B7500560299 /* JournalBuddy.app */;
			productType = "com.apple.product-type.application";
		};
/* End PBXNativeTarget section */

/* Begin PBXProject section */
		AB181C3D2A5B1B7500560299 /* Project object */ = {
			isa = PBXProject;
			attributes = {
				BuildIndependentTargetsInParallel = 1;
				LastSwiftUpdateCheck = 1500;
				LastUpgradeCheck = 1500;
				TargetAttributes = {
					AB181C442A5B1B7500560299 = {
						CreatedOnToolsVersion = 15.0;
					};
				};
			};
			buildConfigurationList = AB181C402A5B1B7500560299 /* Build configuration list for PBXProject "JournalBuddy" */;
			compatibilityVersion = "Xcode 14.0";
			developmentRegion = en;
			hasScannedForEncodings = 0;
			knownRegions = (
				en,
				Base,
			);
			mainGroup = AB181C3C2A5B1B7500560299;
			packageReferences = (
				AB7239C22A5BA03E00A0392D /* XCRemoteSwiftPackageReference "SwiftPlus" */,
				AB5BE2942A64662500803E16 /* XCRemoteSwiftPackageReference "firebase-ios-sdk" */,
			);
			productRefGroup = AB181C462A5B1B7500560299 /* Products */;
			projectDirPath = "";
			projectRoot = "";
			targets = (
				AB181C442A5B1B7500560299 /* JournalBuddy */,
			);
		};
/* End PBXProject section */

/* Begin PBXResourcesBuildPhase section */
		AB181C432A5B1B7500560299 /* Resources */ = {
			isa = PBXResourcesBuildPhase;
			buildActionMask = 2147483647;
			files = (
				AB181C552A5B1B7800560299 /* LaunchScreen.storyboard in Resources */,
				AB181C522A5B1B7800560299 /* Assets.xcassets in Resources */,
				AB181C5D2A5B25DB00560299 /* GoogleService-Info.plist in Resources */,
			);
			runOnlyForDeploymentPostprocessing = 0;
		};
/* End PBXResourcesBuildPhase section */

/* Begin PBXSourcesBuildPhase section */
		AB181C412A5B1B7500560299 /* Sources */ = {
			isa = PBXSourcesBuildPhase;
			buildActionMask = 2147483647;
			files = (
				AB1D33C02A5EE14E0068939C /* Entry.swift in Sources */,
				AB181C4D2A5B1B7500560299 /* HomeViewController.swift in Sources */,
				ABACE7E92A603A1C00981098 /* HomeNewEntryCard.swift in Sources */,
				AB7239CB2A5BA0A400A0392D /* HomeViewModel.swift in Sources */,
				AB2988AD2A5D8B3F00303262 /* HomeViewCardBackground.swift in Sources */,
				AB1D33BD2A5EE10E0068939C /* HomeYourLatestEntriesCollectionViewCell.swift in Sources */,
				AB17ECA12A60A3DD00ADED40 /* HomeSquareButton.swift in Sources */,
				AB2988B22A5D9D6900303262 /* UIFont+Helpers.swift in Sources */,
				AB7CC91C2A6460A50054B1A4 /* LoginView.swift in Sources */,
				ABC9354E2A5E04AB0094F4E0 /* HomeYourLatestEntriesCard.swift in Sources */,
				AB7CC9132A643C9C0054B1A4 /* UiConstants.swift in Sources */,
				AB181C492A5B1B7500560299 /* AppDelegate.swift in Sources */,
				ABB4B9692A635EBA00E63018 /* LoginViewModel.swift in Sources */,
				ABEA45602A61808300F6E8EB /* HomeSquareButtonType.swift in Sources */,
				AB2988AF2A5D8FE700303262 /* HomeHowAreYouFeelingCard.swift in Sources */,
				ABB4B9672A635EAD00E63018 /* LoginViewController.swift in Sources */,
				AB7CC91A2A645DC70054B1A4 /* HomeView.swift in Sources */,
				AB181C4B2A5B1B7500560299 /* SceneDelegate.swift in Sources */,
				AB7CC9182A64463E0054B1A4 /* PasswordTextField.swift in Sources */,
				AB5BE2A22A64762B00803E16 /* MainTextField.swift in Sources */,
				AB7CC9162A643D310054B1A4 /* PrimaryButton.swift in Sources */,
				AB7239C82A5BA08E00A0392D /* MainViewModel.swift in Sources */,
				AB7239C92A5BA08E00A0392D /* MainView.swift in Sources */,
			);
			runOnlyForDeploymentPostprocessing = 0;
		};
/* End PBXSourcesBuildPhase section */

/* Begin PBXVariantGroup section */
		AB181C532A5B1B7800560299 /* LaunchScreen.storyboard */ = {
			isa = PBXVariantGroup;
			children = (
				AB181C542A5B1B7800560299 /* Base */,
			);
			name = LaunchScreen.storyboard;
			sourceTree = "<group>";
		};
/* End PBXVariantGroup section */

/* Begin XCBuildConfiguration section */
		AB181C572A5B1B7800560299 /* Debug */ = {
			isa = XCBuildConfiguration;
			buildSettings = {
				ALWAYS_SEARCH_USER_PATHS = NO;
				ASSETCATALOG_COMPILER_GENERATE_SWIFT_ASSET_SYMBOL_EXTENSIONS = YES;
				CLANG_ANALYZER_NONNULL = YES;
				CLANG_ANALYZER_NUMBER_OBJECT_CONVERSION = YES_AGGRESSIVE;
				CLANG_CXX_LANGUAGE_STANDARD = "gnu++20";
				CLANG_ENABLE_MODULES = YES;
				CLANG_ENABLE_OBJC_ARC = YES;
				CLANG_ENABLE_OBJC_WEAK = YES;
				CLANG_WARN_BLOCK_CAPTURE_AUTORELEASING = YES;
				CLANG_WARN_BOOL_CONVERSION = YES;
				CLANG_WARN_COMMA = YES;
				CLANG_WARN_CONSTANT_CONVERSION = YES;
				CLANG_WARN_DEPRECATED_OBJC_IMPLEMENTATIONS = YES;
				CLANG_WARN_DIRECT_OBJC_ISA_USAGE = YES_ERROR;
				CLANG_WARN_DOCUMENTATION_COMMENTS = YES;
				CLANG_WARN_EMPTY_BODY = YES;
				CLANG_WARN_ENUM_CONVERSION = YES;
				CLANG_WARN_INFINITE_RECURSION = YES;
				CLANG_WARN_INT_CONVERSION = YES;
				CLANG_WARN_NON_LITERAL_NULL_CONVERSION = YES;
				CLANG_WARN_OBJC_IMPLICIT_RETAIN_SELF = YES;
				CLANG_WARN_OBJC_LITERAL_CONVERSION = YES;
				CLANG_WARN_OBJC_ROOT_CLASS = YES_ERROR;
				CLANG_WARN_QUOTED_INCLUDE_IN_FRAMEWORK_HEADER = YES;
				CLANG_WARN_RANGE_LOOP_ANALYSIS = YES;
				CLANG_WARN_STRICT_PROTOTYPES = YES;
				CLANG_WARN_SUSPICIOUS_MOVE = YES;
				CLANG_WARN_UNGUARDED_AVAILABILITY = YES_AGGRESSIVE;
				CLANG_WARN_UNREACHABLE_CODE = YES;
				CLANG_WARN__DUPLICATE_METHOD_MATCH = YES;
				COPY_PHASE_STRIP = NO;
				DEBUG_INFORMATION_FORMAT = dwarf;
				ENABLE_STRICT_OBJC_MSGSEND = YES;
				ENABLE_TESTABILITY = YES;
				ENABLE_USER_SCRIPT_SANDBOXING = YES;
				GCC_C_LANGUAGE_STANDARD = gnu17;
				GCC_DYNAMIC_NO_PIC = NO;
				GCC_NO_COMMON_BLOCKS = YES;
				GCC_OPTIMIZATION_LEVEL = 0;
				GCC_PREPROCESSOR_DEFINITIONS = (
					"DEBUG=1",
					"$(inherited)",
				);
				GCC_WARN_64_TO_32_BIT_CONVERSION = YES;
				GCC_WARN_ABOUT_RETURN_TYPE = YES_ERROR;
				GCC_WARN_UNDECLARED_SELECTOR = YES;
				GCC_WARN_UNINITIALIZED_AUTOS = YES_AGGRESSIVE;
				GCC_WARN_UNUSED_FUNCTION = YES;
				GCC_WARN_UNUSED_VARIABLE = YES;
				IPHONEOS_DEPLOYMENT_TARGET = 17.0;
				LOCALIZATION_PREFERS_STRING_CATALOGS = YES;
				MTL_ENABLE_DEBUG_INFO = INCLUDE_SOURCE;
				MTL_FAST_MATH = YES;
				ONLY_ACTIVE_ARCH = YES;
				SDKROOT = iphoneos;
				SWIFT_ACTIVE_COMPILATION_CONDITIONS = "DEBUG $(inherited)";
				SWIFT_OPTIMIZATION_LEVEL = "-Onone";
			};
			name = Debug;
		};
		AB181C582A5B1B7800560299 /* Release */ = {
			isa = XCBuildConfiguration;
			buildSettings = {
				ALWAYS_SEARCH_USER_PATHS = NO;
				ASSETCATALOG_COMPILER_GENERATE_SWIFT_ASSET_SYMBOL_EXTENSIONS = YES;
				CLANG_ANALYZER_NONNULL = YES;
				CLANG_ANALYZER_NUMBER_OBJECT_CONVERSION = YES_AGGRESSIVE;
				CLANG_CXX_LANGUAGE_STANDARD = "gnu++20";
				CLANG_ENABLE_MODULES = YES;
				CLANG_ENABLE_OBJC_ARC = YES;
				CLANG_ENABLE_OBJC_WEAK = YES;
				CLANG_WARN_BLOCK_CAPTURE_AUTORELEASING = YES;
				CLANG_WARN_BOOL_CONVERSION = YES;
				CLANG_WARN_COMMA = YES;
				CLANG_WARN_CONSTANT_CONVERSION = YES;
				CLANG_WARN_DEPRECATED_OBJC_IMPLEMENTATIONS = YES;
				CLANG_WARN_DIRECT_OBJC_ISA_USAGE = YES_ERROR;
				CLANG_WARN_DOCUMENTATION_COMMENTS = YES;
				CLANG_WARN_EMPTY_BODY = YES;
				CLANG_WARN_ENUM_CONVERSION = YES;
				CLANG_WARN_INFINITE_RECURSION = YES;
				CLANG_WARN_INT_CONVERSION = YES;
				CLANG_WARN_NON_LITERAL_NULL_CONVERSION = YES;
				CLANG_WARN_OBJC_IMPLICIT_RETAIN_SELF = YES;
				CLANG_WARN_OBJC_LITERAL_CONVERSION = YES;
				CLANG_WARN_OBJC_ROOT_CLASS = YES_ERROR;
				CLANG_WARN_QUOTED_INCLUDE_IN_FRAMEWORK_HEADER = YES;
				CLANG_WARN_RANGE_LOOP_ANALYSIS = YES;
				CLANG_WARN_STRICT_PROTOTYPES = YES;
				CLANG_WARN_SUSPICIOUS_MOVE = YES;
				CLANG_WARN_UNGUARDED_AVAILABILITY = YES_AGGRESSIVE;
				CLANG_WARN_UNREACHABLE_CODE = YES;
				CLANG_WARN__DUPLICATE_METHOD_MATCH = YES;
				COPY_PHASE_STRIP = NO;
				DEBUG_INFORMATION_FORMAT = "dwarf-with-dsym";
				ENABLE_NS_ASSERTIONS = NO;
				ENABLE_STRICT_OBJC_MSGSEND = YES;
				ENABLE_USER_SCRIPT_SANDBOXING = YES;
				GCC_C_LANGUAGE_STANDARD = gnu17;
				GCC_NO_COMMON_BLOCKS = YES;
				GCC_WARN_64_TO_32_BIT_CONVERSION = YES;
				GCC_WARN_ABOUT_RETURN_TYPE = YES_ERROR;
				GCC_WARN_UNDECLARED_SELECTOR = YES;
				GCC_WARN_UNINITIALIZED_AUTOS = YES_AGGRESSIVE;
				GCC_WARN_UNUSED_FUNCTION = YES;
				GCC_WARN_UNUSED_VARIABLE = YES;
				IPHONEOS_DEPLOYMENT_TARGET = 17.0;
				LOCALIZATION_PREFERS_STRING_CATALOGS = YES;
				MTL_ENABLE_DEBUG_INFO = NO;
				MTL_FAST_MATH = YES;
				SDKROOT = iphoneos;
				SWIFT_COMPILATION_MODE = wholemodule;
				VALIDATE_PRODUCT = YES;
			};
			name = Release;
		};
		AB181C5A2A5B1B7800560299 /* Debug */ = {
			isa = XCBuildConfiguration;
			buildSettings = {
				ASSETCATALOG_COMPILER_APPICON_NAME = AppIcon;
				ASSETCATALOG_COMPILER_GLOBAL_ACCENT_COLOR_NAME = AccentColor;
				CODE_SIGN_STYLE = Automatic;
				CURRENT_PROJECT_VERSION = 1;
				DEVELOPMENT_TEAM = 9LT5ZRK64X;
				GENERATE_INFOPLIST_FILE = YES;
				INFOPLIST_FILE = JournalBuddy/Info.plist;
				INFOPLIST_KEY_UIApplicationSupportsIndirectInputEvents = YES;
				INFOPLIST_KEY_UILaunchStoryboardName = LaunchScreen;
				INFOPLIST_KEY_UIStatusBarStyle = "";
				INFOPLIST_KEY_UISupportedInterfaceOrientations = UIInterfaceOrientationPortrait;
				INFOPLIST_KEY_UISupportedInterfaceOrientations_iPad = "UIInterfaceOrientationLandscapeLeft UIInterfaceOrientationLandscapeRight UIInterfaceOrientationPortrait UIInterfaceOrientationPortraitUpsideDown";
				IPHONEOS_DEPLOYMENT_TARGET = 16.0;
				LD_RUNPATH_SEARCH_PATHS = (
					"$(inherited)",
					"@executable_path/Frameworks",
				);
				MARKETING_VERSION = 1.0;
				PRODUCT_BUNDLE_IDENTIFIER = com.julianmichaeltechnologies.JournalBuddy;
				PRODUCT_NAME = "$(TARGET_NAME)";
				SUPPORTED_PLATFORMS = "iphoneos iphonesimulator";
				SUPPORTS_MACCATALYST = NO;
				SUPPORTS_MAC_DESIGNED_FOR_IPHONE_IPAD = NO;
				SUPPORTS_XR_DESIGNED_FOR_IPHONE_IPAD = NO;
				SWIFT_EMIT_LOC_STRINGS = YES;
				SWIFT_VERSION = 5.0;
				TARGETED_DEVICE_FAMILY = 1;
			};
			name = Debug;
		};
		AB181C5B2A5B1B7800560299 /* Release */ = {
			isa = XCBuildConfiguration;
			buildSettings = {
				ASSETCATALOG_COMPILER_APPICON_NAME = AppIcon;
				ASSETCATALOG_COMPILER_GLOBAL_ACCENT_COLOR_NAME = AccentColor;
				CODE_SIGN_STYLE = Automatic;
				CURRENT_PROJECT_VERSION = 1;
				DEVELOPMENT_TEAM = 9LT5ZRK64X;
				GENERATE_INFOPLIST_FILE = YES;
				INFOPLIST_FILE = JournalBuddy/Info.plist;
				INFOPLIST_KEY_UIApplicationSupportsIndirectInputEvents = YES;
				INFOPLIST_KEY_UILaunchStoryboardName = LaunchScreen;
				INFOPLIST_KEY_UIStatusBarStyle = "";
				INFOPLIST_KEY_UISupportedInterfaceOrientations = UIInterfaceOrientationPortrait;
				INFOPLIST_KEY_UISupportedInterfaceOrientations_iPad = "UIInterfaceOrientationLandscapeLeft UIInterfaceOrientationLandscapeRight UIInterfaceOrientationPortrait UIInterfaceOrientationPortraitUpsideDown";
				IPHONEOS_DEPLOYMENT_TARGET = 16.0;
				LD_RUNPATH_SEARCH_PATHS = (
					"$(inherited)",
					"@executable_path/Frameworks",
				);
				MARKETING_VERSION = 1.0;
				PRODUCT_BUNDLE_IDENTIFIER = com.julianmichaeltechnologies.JournalBuddy;
				PRODUCT_NAME = "$(TARGET_NAME)";
				SUPPORTED_PLATFORMS = "iphoneos iphonesimulator";
				SUPPORTS_MACCATALYST = NO;
				SUPPORTS_MAC_DESIGNED_FOR_IPHONE_IPAD = NO;
				SUPPORTS_XR_DESIGNED_FOR_IPHONE_IPAD = NO;
				SWIFT_EMIT_LOC_STRINGS = YES;
				SWIFT_VERSION = 5.0;
				TARGETED_DEVICE_FAMILY = 1;
			};
			name = Release;
		};
/* End XCBuildConfiguration section */

/* Begin XCConfigurationList section */
		AB181C402A5B1B7500560299 /* Build configuration list for PBXProject "JournalBuddy" */ = {
			isa = XCConfigurationList;
			buildConfigurations = (
				AB181C572A5B1B7800560299 /* Debug */,
				AB181C582A5B1B7800560299 /* Release */,
			);
			defaultConfigurationIsVisible = 0;
			defaultConfigurationName = Release;
		};
		AB181C592A5B1B7800560299 /* Build configuration list for PBXNativeTarget "JournalBuddy" */ = {
			isa = XCConfigurationList;
			buildConfigurations = (
				AB181C5A2A5B1B7800560299 /* Debug */,
				AB181C5B2A5B1B7800560299 /* Release */,
			);
			defaultConfigurationIsVisible = 0;
			defaultConfigurationName = Release;
		};
/* End XCConfigurationList section */

/* Begin XCRemoteSwiftPackageReference section */
		AB5BE2942A64662500803E16 /* XCRemoteSwiftPackageReference "firebase-ios-sdk" */ = {
			isa = XCRemoteSwiftPackageReference;
			repositoryURL = "https://github.com/firebase/firebase-ios-sdk";
			requirement = {
				kind = upToNextMajorVersion;
				minimumVersion = 10.0.0;
			};
		};
		AB7239C22A5BA03E00A0392D /* XCRemoteSwiftPackageReference "SwiftPlus" */ = {
			isa = XCRemoteSwiftPackageReference;
			repositoryURL = "https://github.com/julianworden/SwiftPlus";
			requirement = {
				kind = upToNextMajorVersion;
				minimumVersion = 1.0.0;
			};
		};
/* End XCRemoteSwiftPackageReference section */

/* Begin XCSwiftPackageProductDependency section */
		AB5BE2952A64662500803E16 /* FirebaseAnalytics */ = {
			isa = XCSwiftPackageProductDependency;
			package = AB5BE2942A64662500803E16 /* XCRemoteSwiftPackageReference "firebase-ios-sdk" */;
			productName = FirebaseAnalytics;
		};
		AB5BE2972A64662500803E16 /* FirebaseAnalyticsSwift */ = {
			isa = XCSwiftPackageProductDependency;
			package = AB5BE2942A64662500803E16 /* XCRemoteSwiftPackageReference "firebase-ios-sdk" */;
			productName = FirebaseAnalyticsSwift;
		};
		AB5BE2992A64662500803E16 /* FirebaseAuth */ = {
			isa = XCSwiftPackageProductDependency;
			package = AB5BE2942A64662500803E16 /* XCRemoteSwiftPackageReference "firebase-ios-sdk" */;
			productName = FirebaseAuth;
		};
		AB5BE29B2A64662500803E16 /* FirebaseFirestore */ = {
			isa = XCSwiftPackageProductDependency;
			package = AB5BE2942A64662500803E16 /* XCRemoteSwiftPackageReference "firebase-ios-sdk" */;
			productName = FirebaseFirestore;
		};
		AB5BE29D2A64662500803E16 /* FirebaseFirestoreSwift */ = {
			isa = XCSwiftPackageProductDependency;
			package = AB5BE2942A64662500803E16 /* XCRemoteSwiftPackageReference "firebase-ios-sdk" */;
			productName = FirebaseFirestoreSwift;
		};
		AB5BE29F2A64662500803E16 /* FirebaseStorage */ = {
			isa = XCSwiftPackageProductDependency;
			package = AB5BE2942A64662500803E16 /* XCRemoteSwiftPackageReference "firebase-ios-sdk" */;
			productName = FirebaseStorage;
		};
		AB7239C32A5BA03E00A0392D /* SwiftPlus */ = {
			isa = XCSwiftPackageProductDependency;
			package = AB7239C22A5BA03E00A0392D /* XCRemoteSwiftPackageReference "SwiftPlus" */;
			productName = SwiftPlus;
		};
/* End XCSwiftPackageProductDependency section */
	};
	rootObject = AB181C3D2A5B1B7500560299 /* Project object */;
}
